// !$*UTF8*$!
{
	archiveVersion = 1;
	classes = {
	};
	objectVersion = 46;
	objects = {

/* Begin PBXBuildFile section */
		655C8B211A83FE550065099C /* CoreBluetooth.framework in Frameworks */ = {isa = PBXBuildFile; fileRef = 655C8B201A83FE550065099C /* CoreBluetooth.framework */; };
		655C8B231A83FE920065099C /* CoreLocation.framework in Frameworks */ = {isa = PBXBuildFile; fileRef = 655C8B221A83FE920065099C /* CoreLocation.framework */; };
		659D53D11A82458400605B87 /* psiu2.png in Resources */ = {isa = PBXBuildFile; fileRef = 659D53D01A82458400605B87 /* psiu2.png */; };
		659D53D31A82461200605B87 /* psiu_Avatar.jpg in Resources */ = {isa = PBXBuildFile; fileRef = 659D53D21A82461200605B87 /* psiu_Avatar.jpg */; };
		659D53D51A82471000605B87 /* psiu2_avatar2.jpg in Resources */ = {isa = PBXBuildFile; fileRef = 659D53D41A82471000605B87 /* psiu2_avatar2.jpg */; };
		659D53D71A8254E700605B87 /* Launch Screen.xib in Resources */ = {isa = PBXBuildFile; fileRef = 659D53D61A8254E700605B87 /* Launch Screen.xib */; };
		659D53D91A82578500605B87 /* psiu_Screen.jpg in Resources */ = {isa = PBXBuildFile; fileRef = 659D53D81A82578500605B87 /* psiu_Screen.jpg */; };
		65C97B591A8526CA00AB1900 /* Cold.png in Resources */ = {isa = PBXBuildFile; fileRef = 65C97B571A8526CA00AB1900 /* Cold.png */; };
		65C97B5A1A8526CA00AB1900 /* Hot.png in Resources */ = {isa = PBXBuildFile; fileRef = 65C97B581A8526CA00AB1900 /* Hot.png */; };
		65C97B5D1A85274200AB1900 /* NATHiBeaconsDelegate.m in Sources */ = {isa = PBXBuildFile; fileRef = 65C97B5C1A85274200AB1900 /* NATHiBeaconsDelegate.m */; };
		65C97B601A85274E00AB1900 /* NATViewController.m in Sources */ = {isa = PBXBuildFile; fileRef = 65C97B5F1A85274E00AB1900 /* NATViewController.m */; };
		891E380A1A32255000FFA931 /* PerfilViewController.m in Sources */ = {isa = PBXBuildFile; fileRef = 891E38091A32255000FFA931 /* PerfilViewController.m */; };
		891E380D1A3241F100FFA931 /* MatchViewController.m in Sources */ = {isa = PBXBuildFile; fileRef = 891E380C1A3241F100FFA931 /* MatchViewController.m */; };
		892EFF4D1A376E0C0096161D /* psiu-img.png in Resources */ = {isa = PBXBuildFile; fileRef = 892EFF4C1A376E0C0096161D /* psiu-img.png */; };
		892EFF551A377F380096161D /* back_btn2.png in Resources */ = {isa = PBXBuildFile; fileRef = 892EFF541A377F380096161D /* back_btn2.png */; };
		89B457FD1A2F99740070157F /* kate2.jpg in Resources */ = {isa = PBXBuildFile; fileRef = 89B457FC1A2F99740070157F /* kate2.jpg */; };
		89B458001A2FA6340070157F /* Avatar-blank.jpg in Resources */ = {isa = PBXBuildFile; fileRef = 89B457FE1A2FA6340070157F /* Avatar-blank.jpg */; };
		89B458011A2FA6340070157F /* editing-edit-icon.png in Resources */ = {isa = PBXBuildFile; fileRef = 89B457FF1A2FA6340070157F /* editing-edit-icon.png */; };
		89B458041A2FA6830070157F /* ViewControllerConfig.m in Sources */ = {isa = PBXBuildFile; fileRef = 89B458031A2FA6830070157F /* ViewControllerConfig.m */; };
		89DBCC431A3250FC00803BD7 /* psiu.wav in Resources */ = {isa = PBXBuildFile; fileRef = 89DBCC421A3250FC00803BD7 /* psiu.wav */; };
		89F23CF81A2DE03C00DC0350 /* AVFoundation.framework in Frameworks */ = {isa = PBXBuildFile; fileRef = 89F23CF71A2DE03C00DC0350 /* AVFoundation.framework */; };
		89F23CFA1A2DE04600DC0350 /* AudioToolbox.framework in Frameworks */ = {isa = PBXBuildFile; fileRef = 89F23CF91A2DE04600DC0350 /* AudioToolbox.framework */; };
		89F23CFC1A2DE05600DC0350 /* GLKit.framework in Frameworks */ = {isa = PBXBuildFile; fileRef = 89F23CFB1A2DE05600DC0350 /* GLKit.framework */; };
		89F23CFE1A2DE0BC00DC0350 /* EZAudio in Resources */ = {isa = PBXBuildFile; fileRef = 89F23CFD1A2DE0BC00DC0350 /* EZAudio */; };
		89F412C71A2E3D0000C16CC0 /* UsersViewController.m in Sources */ = {isa = PBXBuildFile; fileRef = 89F412C61A2E3D0000C16CC0 /* UsersViewController.m */; };
		89F412CA1A2E405100C16CC0 /* Cell.m in Sources */ = {isa = PBXBuildFile; fileRef = 89F412C91A2E405100C16CC0 /* Cell.m */; };
		89F412D01A2E4A0D00C16CC0 /* Usuario.m in Sources */ = {isa = PBXBuildFile; fileRef = 89F412CF1A2E4A0D00C16CC0 /* Usuario.m */; };
		89F412D21A2E4E7700C16CC0 /* kate.jpg in Resources */ = {isa = PBXBuildFile; fileRef = 89F412D11A2E4E7700C16CC0 /* kate.jpg */; };
		C5D3D9061A3A150E005C1DE1 /* PerfilTableCell.m in Sources */ = {isa = PBXBuildFile; fileRef = C5D3D9051A3A150E005C1DE1 /* PerfilTableCell.m */; };
		C5D3D9091A3A19EE005C1DE1 /* Option.m in Sources */ = {isa = PBXBuildFile; fileRef = C5D3D9081A3A19EE005C1DE1 /* Option.m */; };
		C5D3D9131A3A6B10005C1DE1 /* GifViewController.m in Sources */ = {isa = PBXBuildFile; fileRef = C5D3D9121A3A6B10005C1DE1 /* GifViewController.m */; };
		C5D3D92C1A3B5FD0005C1DE1 /* label_abraco.png in Resources */ = {isa = PBXBuildFile; fileRef = C5D3D9281A3B5FD0005C1DE1 /* label_abraco.png */; };
		C5D3D92D1A3B5FD0005C1DE1 /* label_batepapo.png in Resources */ = {isa = PBXBuildFile; fileRef = C5D3D9291A3B5FD0005C1DE1 /* label_batepapo.png */; };
		C5D3D92E1A3B5FD0005C1DE1 /* label_lingua.png in Resources */ = {isa = PBXBuildFile; fileRef = C5D3D92A1A3B5FD0005C1DE1 /* label_lingua.png */; };
		C5D3D92F1A3B5FD0005C1DE1 /* label_selinho.png in Resources */ = {isa = PBXBuildFile; fileRef = C5D3D92B1A3B5FD0005C1DE1 /* label_selinho.png */; };
		C5D3D9321A3B5FFA005C1DE1 /* psiubotao_off.png in Resources */ = {isa = PBXBuildFile; fileRef = C5D3D9301A3B5FFA005C1DE1 /* psiubotao_off.png */; };
		C5D3D9331A3B5FFA005C1DE1 /* psiubotao.png in Resources */ = {isa = PBXBuildFile; fileRef = C5D3D9311A3B5FFA005C1DE1 /* psiubotao.png */; };
		C5D3D9351A3B600F005C1DE1 /* psiuSE.wav in Resources */ = {isa = PBXBuildFile; fileRef = C5D3D9341A3B600F005C1DE1 /* psiuSE.wav */; };
		C5D3D9391A3B604E005C1DE1 /* backarrow_red2.png in Resources */ = {isa = PBXBuildFile; fileRef = C5D3D9361A3B604E005C1DE1 /* backarrow_red2.png */; };
		C5D3D93A1A3B604E005C1DE1 /* backarrow_white.png in Resources */ = {isa = PBXBuildFile; fileRef = C5D3D9371A3B604E005C1DE1 /* backarrow_white.png */; };
		C5D3D93B1A3B604E005C1DE1 /* backarrow.png in Resources */ = {isa = PBXBuildFile; fileRef = C5D3D9381A3B604E005C1DE1 /* backarrow.png */; };
		C5D3D93D1A3B6069005C1DE1 /* sacanagem_selinho.gif in Resources */ = {isa = PBXBuildFile; fileRef = C5D3D93C1A3B6069005C1DE1 /* sacanagem_selinho.gif */; };
		C5D3D9421A3B6100005C1DE1 /* FLAnimatedImage.m in Sources */ = {isa = PBXBuildFile; fileRef = C5D3D93F1A3B6100005C1DE1 /* FLAnimatedImage.m */; };
		C5D3D9431A3B6100005C1DE1 /* FLAnimatedImageView.m in Sources */ = {isa = PBXBuildFile; fileRef = C5D3D9411A3B6100005C1DE1 /* FLAnimatedImageView.m */; };
		C5D3D9481A3B81B5005C1DE1 /* loading.gif in Resources */ = {isa = PBXBuildFile; fileRef = C5D3D9471A3B81B5005C1DE1 /* loading.gif */; };
		C5D3D94A1A3B8CDA005C1DE1 /* sacanagem_abraco.gif in Resources */ = {isa = PBXBuildFile; fileRef = C5D3D9491A3B8CDA005C1DE1 /* sacanagem_abraco.gif */; };
		C5D3D94C1A3B8CFB005C1DE1 /* sacanagem_batepapo.gif in Resources */ = {isa = PBXBuildFile; fileRef = C5D3D94B1A3B8CFB005C1DE1 /* sacanagem_batepapo.gif */; };
		C5D3D9501A3BA036005C1DE1 /* loading7.gif in Resources */ = {isa = PBXBuildFile; fileRef = C5D3D94F1A3BA036005C1DE1 /* loading7.gif */; };
		C5D3D9521A3F1437005C1DE1 /* sacanagem_beijao.gif in Resources */ = {isa = PBXBuildFile; fileRef = C5D3D9511A3F1437005C1DE1 /* sacanagem_beijao.gif */; };
		D9629273187BD6E600228E81 /* MCManager.m in Sources */ = {isa = PBXBuildFile; fileRef = D9629272187BD6E600228E81 /* MCManager.m */; };
		D9EA8C0F187B1954008031B5 /* Foundation.framework in Frameworks */ = {isa = PBXBuildFile; fileRef = D9EA8C0E187B1954008031B5 /* Foundation.framework */; };
		D9EA8C11187B1954008031B5 /* CoreGraphics.framework in Frameworks */ = {isa = PBXBuildFile; fileRef = D9EA8C10187B1954008031B5 /* CoreGraphics.framework */; };
		D9EA8C13187B1954008031B5 /* UIKit.framework in Frameworks */ = {isa = PBXBuildFile; fileRef = D9EA8C12187B1954008031B5 /* UIKit.framework */; };
		D9EA8C19187B1954008031B5 /* InfoPlist.strings in Resources */ = {isa = PBXBuildFile; fileRef = D9EA8C17187B1954008031B5 /* InfoPlist.strings */; };
		D9EA8C1B187B1954008031B5 /* main.m in Sources */ = {isa = PBXBuildFile; fileRef = D9EA8C1A187B1954008031B5 /* main.m */; };
		D9EA8C1F187B1954008031B5 /* AppDelegate.m in Sources */ = {isa = PBXBuildFile; fileRef = D9EA8C1E187B1954008031B5 /* AppDelegate.m */; };
		D9EA8C22187B1954008031B5 /* Main.storyboard in Resources */ = {isa = PBXBuildFile; fileRef = D9EA8C20187B1954008031B5 /* Main.storyboard */; };
		D9EA8C2A187B1954008031B5 /* Images.xcassets in Resources */ = {isa = PBXBuildFile; fileRef = D9EA8C29187B1954008031B5 /* Images.xcassets */; };
/* End PBXBuildFile section */

/* Begin PBXFileReference section */
		655C8B201A83FE550065099C /* CoreBluetooth.framework */ = {isa = PBXFileReference; lastKnownFileType = wrapper.framework; name = CoreBluetooth.framework; path = System/Library/Frameworks/CoreBluetooth.framework; sourceTree = SDKROOT; };
		655C8B221A83FE920065099C /* CoreLocation.framework */ = {isa = PBXFileReference; lastKnownFileType = wrapper.framework; name = CoreLocation.framework; path = System/Library/Frameworks/CoreLocation.framework; sourceTree = SDKROOT; };
		659D53D01A82458400605B87 /* psiu2.png */ = {isa = PBXFileReference; lastKnownFileType = image.png; path = psiu2.png; sourceTree = "<group>"; };
		659D53D21A82461200605B87 /* psiu_Avatar.jpg */ = {isa = PBXFileReference; lastKnownFileType = image.jpeg; path = psiu_Avatar.jpg; sourceTree = "<group>"; };
		659D53D41A82471000605B87 /* psiu2_avatar2.jpg */ = {isa = PBXFileReference; lastKnownFileType = image.jpeg; path = psiu2_avatar2.jpg; sourceTree = "<group>"; };
		659D53D61A8254E700605B87 /* Launch Screen.xib */ = {isa = PBXFileReference; fileEncoding = 4; lastKnownFileType = file.xib; path = "Launch Screen.xib"; sourceTree = "<group>"; };
		659D53D81A82578500605B87 /* psiu_Screen.jpg */ = {isa = PBXFileReference; lastKnownFileType = image.jpeg; path = psiu_Screen.jpg; sourceTree = "<group>"; };
		65C97B571A8526CA00AB1900 /* Cold.png */ = {isa = PBXFileReference; lastKnownFileType = image.png; path = Cold.png; sourceTree = "<group>"; };
		65C97B581A8526CA00AB1900 /* Hot.png */ = {isa = PBXFileReference; lastKnownFileType = image.png; path = Hot.png; sourceTree = "<group>"; };
		65C97B5B1A85274200AB1900 /* NATHiBeaconsDelegate.h */ = {isa = PBXFileReference; fileEncoding = 4; lastKnownFileType = sourcecode.c.h; path = NATHiBeaconsDelegate.h; sourceTree = "<group>"; };
		65C97B5C1A85274200AB1900 /* NATHiBeaconsDelegate.m */ = {isa = PBXFileReference; fileEncoding = 4; lastKnownFileType = sourcecode.c.objc; path = NATHiBeaconsDelegate.m; sourceTree = "<group>"; };
		65C97B5E1A85274E00AB1900 /* NATViewController.h */ = {isa = PBXFileReference; fileEncoding = 4; lastKnownFileType = sourcecode.c.h; path = NATViewController.h; sourceTree = "<group>"; };
		65C97B5F1A85274E00AB1900 /* NATViewController.m */ = {isa = PBXFileReference; fileEncoding = 4; lastKnownFileType = sourcecode.c.objc; path = NATViewController.m; sourceTree = "<group>"; };
		65CBA4EF1A3B683800AF9E3E /* Psiu-Prefix.pch */ = {isa = PBXFileReference; fileEncoding = 4; lastKnownFileType = sourcecode.c.h; path = "Psiu-Prefix.pch"; sourceTree = "<group>"; };
		891E38081A32255000FFA931 /* PerfilViewController.h */ = {isa = PBXFileReference; fileEncoding = 4; lastKnownFileType = sourcecode.c.h; path = PerfilViewController.h; sourceTree = "<group>"; };
		891E38091A32255000FFA931 /* PerfilViewController.m */ = {isa = PBXFileReference; fileEncoding = 4; lastKnownFileType = sourcecode.c.objc; path = PerfilViewController.m; sourceTree = "<group>"; };
		891E380B1A3241F100FFA931 /* MatchViewController.h */ = {isa = PBXFileReference; fileEncoding = 4; lastKnownFileType = sourcecode.c.h; path = MatchViewController.h; sourceTree = "<group>"; };
		891E380C1A3241F100FFA931 /* MatchViewController.m */ = {isa = PBXFileReference; fileEncoding = 4; lastKnownFileType = sourcecode.c.objc; path = MatchViewController.m; sourceTree = "<group>"; };
		892EFF4C1A376E0C0096161D /* psiu-img.png */ = {isa = PBXFileReference; lastKnownFileType = image.png; path = "psiu-img.png"; sourceTree = "<group>"; };
		892EFF541A377F380096161D /* back_btn2.png */ = {isa = PBXFileReference; lastKnownFileType = image.png; path = back_btn2.png; sourceTree = "<group>"; };
		89B457FC1A2F99740070157F /* kate2.jpg */ = {isa = PBXFileReference; lastKnownFileType = image.jpeg; path = kate2.jpg; sourceTree = "<group>"; };
		89B457FE1A2FA6340070157F /* Avatar-blank.jpg */ = {isa = PBXFileReference; lastKnownFileType = image.jpeg; path = "Avatar-blank.jpg"; sourceTree = "<group>"; };
		89B457FF1A2FA6340070157F /* editing-edit-icon.png */ = {isa = PBXFileReference; lastKnownFileType = image.png; path = "editing-edit-icon.png"; sourceTree = "<group>"; };
		89B458021A2FA6830070157F /* ViewControllerConfig.h */ = {isa = PBXFileReference; fileEncoding = 4; lastKnownFileType = sourcecode.c.h; path = ViewControllerConfig.h; sourceTree = "<group>"; };
		89B458031A2FA6830070157F /* ViewControllerConfig.m */ = {isa = PBXFileReference; fileEncoding = 4; lastKnownFileType = sourcecode.c.objc; path = ViewControllerConfig.m; sourceTree = "<group>"; };
		89DBCC421A3250FC00803BD7 /* psiu.wav */ = {isa = PBXFileReference; lastKnownFileType = audio.wav; path = psiu.wav; sourceTree = "<group>"; };
		89F23CF71A2DE03C00DC0350 /* AVFoundation.framework */ = {isa = PBXFileReference; lastKnownFileType = wrapper.framework; name = AVFoundation.framework; path = System/Library/Frameworks/AVFoundation.framework; sourceTree = SDKROOT; };
		89F23CF91A2DE04600DC0350 /* AudioToolbox.framework */ = {isa = PBXFileReference; lastKnownFileType = wrapper.framework; name = AudioToolbox.framework; path = System/Library/Frameworks/AudioToolbox.framework; sourceTree = SDKROOT; };
		89F23CFB1A2DE05600DC0350 /* GLKit.framework */ = {isa = PBXFileReference; lastKnownFileType = wrapper.framework; name = GLKit.framework; path = System/Library/Frameworks/GLKit.framework; sourceTree = SDKROOT; };
		89F23CFD1A2DE0BC00DC0350 /* EZAudio */ = {isa = PBXFileReference; lastKnownFileType = folder; path = EZAudio; sourceTree = "<group>"; };
		89F412C51A2E3D0000C16CC0 /* UsersViewController.h */ = {isa = PBXFileReference; fileEncoding = 4; lastKnownFileType = sourcecode.c.h; path = UsersViewController.h; sourceTree = "<group>"; };
		89F412C61A2E3D0000C16CC0 /* UsersViewController.m */ = {isa = PBXFileReference; fileEncoding = 4; lastKnownFileType = sourcecode.c.objc; path = UsersViewController.m; sourceTree = "<group>"; };
		89F412C81A2E405100C16CC0 /* Cell.h */ = {isa = PBXFileReference; fileEncoding = 4; lastKnownFileType = sourcecode.c.h; path = Cell.h; sourceTree = "<group>"; };
		89F412C91A2E405100C16CC0 /* Cell.m */ = {isa = PBXFileReference; fileEncoding = 4; lastKnownFileType = sourcecode.c.objc; path = Cell.m; sourceTree = "<group>"; };
		89F412CE1A2E4A0D00C16CC0 /* Usuario.h */ = {isa = PBXFileReference; fileEncoding = 4; lastKnownFileType = sourcecode.c.h; name = Usuario.h; path = ../Usuario.h; sourceTree = "<group>"; };
		89F412CF1A2E4A0D00C16CC0 /* Usuario.m */ = {isa = PBXFileReference; fileEncoding = 4; lastKnownFileType = sourcecode.c.objc; name = Usuario.m; path = ../Usuario.m; sourceTree = "<group>"; };
		89F412D11A2E4E7700C16CC0 /* kate.jpg */ = {isa = PBXFileReference; lastKnownFileType = image.jpeg; path = kate.jpg; sourceTree = "<group>"; };
		C5D3D9041A3A150E005C1DE1 /* PerfilTableCell.h */ = {isa = PBXFileReference; fileEncoding = 4; lastKnownFileType = sourcecode.c.h; path = PerfilTableCell.h; sourceTree = "<group>"; };
		C5D3D9051A3A150E005C1DE1 /* PerfilTableCell.m */ = {isa = PBXFileReference; fileEncoding = 4; lastKnownFileType = sourcecode.c.objc; path = PerfilTableCell.m; sourceTree = "<group>"; };
		C5D3D9071A3A19EE005C1DE1 /* Option.h */ = {isa = PBXFileReference; fileEncoding = 4; lastKnownFileType = sourcecode.c.h; path = Option.h; sourceTree = "<group>"; };
		C5D3D9081A3A19EE005C1DE1 /* Option.m */ = {isa = PBXFileReference; fileEncoding = 4; lastKnownFileType = sourcecode.c.objc; path = Option.m; sourceTree = "<group>"; };
		C5D3D9111A3A6B10005C1DE1 /* GifViewController.h */ = {isa = PBXFileReference; fileEncoding = 4; lastKnownFileType = sourcecode.c.h; path = GifViewController.h; sourceTree = "<group>"; };
		C5D3D9121A3A6B10005C1DE1 /* GifViewController.m */ = {isa = PBXFileReference; fileEncoding = 4; lastKnownFileType = sourcecode.c.objc; path = GifViewController.m; sourceTree = "<group>"; };
		C5D3D9281A3B5FD0005C1DE1 /* label_abraco.png */ = {isa = PBXFileReference; lastKnownFileType = image.png; path = label_abraco.png; sourceTree = "<group>"; };
		C5D3D9291A3B5FD0005C1DE1 /* label_batepapo.png */ = {isa = PBXFileReference; lastKnownFileType = image.png; path = label_batepapo.png; sourceTree = "<group>"; };
		C5D3D92A1A3B5FD0005C1DE1 /* label_lingua.png */ = {isa = PBXFileReference; lastKnownFileType = image.png; path = label_lingua.png; sourceTree = "<group>"; };
		C5D3D92B1A3B5FD0005C1DE1 /* label_selinho.png */ = {isa = PBXFileReference; lastKnownFileType = image.png; path = label_selinho.png; sourceTree = "<group>"; };
		C5D3D9301A3B5FFA005C1DE1 /* psiubotao_off.png */ = {isa = PBXFileReference; lastKnownFileType = image.png; path = psiubotao_off.png; sourceTree = "<group>"; };
		C5D3D9311A3B5FFA005C1DE1 /* psiubotao.png */ = {isa = PBXFileReference; lastKnownFileType = image.png; path = psiubotao.png; sourceTree = "<group>"; };
		C5D3D9341A3B600F005C1DE1 /* psiuSE.wav */ = {isa = PBXFileReference; lastKnownFileType = audio.wav; path = psiuSE.wav; sourceTree = "<group>"; };
		C5D3D9361A3B604E005C1DE1 /* backarrow_red2.png */ = {isa = PBXFileReference; lastKnownFileType = image.png; path = backarrow_red2.png; sourceTree = "<group>"; };
		C5D3D9371A3B604E005C1DE1 /* backarrow_white.png */ = {isa = PBXFileReference; lastKnownFileType = image.png; path = backarrow_white.png; sourceTree = "<group>"; };
		C5D3D9381A3B604E005C1DE1 /* backarrow.png */ = {isa = PBXFileReference; lastKnownFileType = image.png; path = backarrow.png; sourceTree = "<group>"; };
		C5D3D93C1A3B6069005C1DE1 /* sacanagem_selinho.gif */ = {isa = PBXFileReference; lastKnownFileType = image.gif; path = sacanagem_selinho.gif; sourceTree = "<group>"; };
		C5D3D93E1A3B6100005C1DE1 /* FLAnimatedImage.h */ = {isa = PBXFileReference; fileEncoding = 4; lastKnownFileType = sourcecode.c.h; path = FLAnimatedImage.h; sourceTree = "<group>"; };
		C5D3D93F1A3B6100005C1DE1 /* FLAnimatedImage.m */ = {isa = PBXFileReference; fileEncoding = 4; lastKnownFileType = sourcecode.c.objc; path = FLAnimatedImage.m; sourceTree = "<group>"; };
		C5D3D9401A3B6100005C1DE1 /* FLAnimatedImageView.h */ = {isa = PBXFileReference; fileEncoding = 4; lastKnownFileType = sourcecode.c.h; path = FLAnimatedImageView.h; sourceTree = "<group>"; };
		C5D3D9411A3B6100005C1DE1 /* FLAnimatedImageView.m */ = {isa = PBXFileReference; fileEncoding = 4; lastKnownFileType = sourcecode.c.objc; path = FLAnimatedImageView.m; sourceTree = "<group>"; };
		C5D3D9471A3B81B5005C1DE1 /* loading.gif */ = {isa = PBXFileReference; lastKnownFileType = image.gif; path = loading.gif; sourceTree = "<group>"; };
		C5D3D9491A3B8CDA005C1DE1 /* sacanagem_abraco.gif */ = {isa = PBXFileReference; lastKnownFileType = image.gif; path = sacanagem_abraco.gif; sourceTree = "<group>"; };
		C5D3D94B1A3B8CFB005C1DE1 /* sacanagem_batepapo.gif */ = {isa = PBXFileReference; lastKnownFileType = image.gif; path = sacanagem_batepapo.gif; sourceTree = "<group>"; };
		C5D3D94F1A3BA036005C1DE1 /* loading7.gif */ = {isa = PBXFileReference; lastKnownFileType = image.gif; path = loading7.gif; sourceTree = "<group>"; };
		C5D3D9511A3F1437005C1DE1 /* sacanagem_beijao.gif */ = {isa = PBXFileReference; lastKnownFileType = image.gif; path = sacanagem_beijao.gif; sourceTree = "<group>"; };
		D9629271187BD6E600228E81 /* MCManager.h */ = {isa = PBXFileReference; fileEncoding = 4; lastKnownFileType = sourcecode.c.h; path = MCManager.h; sourceTree = "<group>"; };
		D9629272187BD6E600228E81 /* MCManager.m */ = {isa = PBXFileReference; fileEncoding = 4; lastKnownFileType = sourcecode.c.objc; path = MCManager.m; sourceTree = "<group>"; };
		D9EA8C0B187B1954008031B5 /* Psiu.app */ = {isa = PBXFileReference; explicitFileType = wrapper.application; includeInIndex = 0; path = Psiu.app; sourceTree = BUILT_PRODUCTS_DIR; };
		D9EA8C0E187B1954008031B5 /* Foundation.framework */ = {isa = PBXFileReference; lastKnownFileType = wrapper.framework; name = Foundation.framework; path = System/Library/Frameworks/Foundation.framework; sourceTree = SDKROOT; };
		D9EA8C10187B1954008031B5 /* CoreGraphics.framework */ = {isa = PBXFileReference; lastKnownFileType = wrapper.framework; name = CoreGraphics.framework; path = System/Library/Frameworks/CoreGraphics.framework; sourceTree = SDKROOT; };
		D9EA8C12187B1954008031B5 /* UIKit.framework */ = {isa = PBXFileReference; lastKnownFileType = wrapper.framework; name = UIKit.framework; path = System/Library/Frameworks/UIKit.framework; sourceTree = SDKROOT; };
		D9EA8C16187B1954008031B5 /* Psiu-Info.plist */ = {isa = PBXFileReference; lastKnownFileType = text.plist.xml; path = "Psiu-Info.plist"; sourceTree = "<group>"; };
		D9EA8C18187B1954008031B5 /* en */ = {isa = PBXFileReference; lastKnownFileType = text.plist.strings; name = en; path = en.lproj/InfoPlist.strings; sourceTree = "<group>"; };
		D9EA8C1A187B1954008031B5 /* main.m */ = {isa = PBXFileReference; lastKnownFileType = sourcecode.c.objc; path = main.m; sourceTree = "<group>"; };
		D9EA8C1C187B1954008031B5 /* Psiu-Prefix.pch */ = {isa = PBXFileReference; lastKnownFileType = sourcecode.c.h; path = "Psiu-Prefix.pch"; sourceTree = "<group>"; };
		D9EA8C1D187B1954008031B5 /* AppDelegate.h */ = {isa = PBXFileReference; lastKnownFileType = sourcecode.c.h; path = AppDelegate.h; sourceTree = "<group>"; };
		D9EA8C1E187B1954008031B5 /* AppDelegate.m */ = {isa = PBXFileReference; lastKnownFileType = sourcecode.c.objc; path = AppDelegate.m; sourceTree = "<group>"; };
		D9EA8C21187B1954008031B5 /* Base */ = {isa = PBXFileReference; lastKnownFileType = file.storyboard; name = Base; path = Base.lproj/Main.storyboard; sourceTree = "<group>"; };
		D9EA8C29187B1954008031B5 /* Images.xcassets */ = {isa = PBXFileReference; lastKnownFileType = folder.assetcatalog; path = Images.xcassets; sourceTree = "<group>"; };
		D9EA8C30187B1955008031B5 /* XCTest.framework */ = {isa = PBXFileReference; lastKnownFileType = wrapper.framework; name = XCTest.framework; path = Library/Frameworks/XCTest.framework; sourceTree = DEVELOPER_DIR; };
		D9EA8C38187B1955008031B5 /* PsiuTests-Info.plist */ = {isa = PBXFileReference; lastKnownFileType = text.plist.xml; path = "PsiuTests-Info.plist"; sourceTree = "<group>"; };
		D9EA8C3A187B1955008031B5 /* en */ = {isa = PBXFileReference; lastKnownFileType = text.plist.strings; name = en; path = en.lproj/InfoPlist.strings; sourceTree = "<group>"; };
		D9EA8C3C187B1955008031B5 /* MCDemoTests.m */ = {isa = PBXFileReference; lastKnownFileType = sourcecode.c.objc; path = MCDemoTests.m; sourceTree = "<group>"; };
/* End PBXFileReference section */

/* Begin PBXFrameworksBuildPhase section */
		D9EA8C08187B1954008031B5 /* Frameworks */ = {
			isa = PBXFrameworksBuildPhase;
			buildActionMask = 2147483647;
			files = (
				655C8B211A83FE550065099C /* CoreBluetooth.framework in Frameworks */,
				655C8B231A83FE920065099C /* CoreLocation.framework in Frameworks */,
				89F23CFC1A2DE05600DC0350 /* GLKit.framework in Frameworks */,
				89F23CFA1A2DE04600DC0350 /* AudioToolbox.framework in Frameworks */,
				89F23CF81A2DE03C00DC0350 /* AVFoundation.framework in Frameworks */,
				D9EA8C11187B1954008031B5 /* CoreGraphics.framework in Frameworks */,
				D9EA8C13187B1954008031B5 /* UIKit.framework in Frameworks */,
				D9EA8C0F187B1954008031B5 /* Foundation.framework in Frameworks */,
			);
			runOnlyForDeploymentPostprocessing = 0;
		};
/* End PBXFrameworksBuildPhase section */

/* Begin PBXGroup section */
		C5D3D90A1A3A69EC005C1DE1 /* Library */ = {
			isa = PBXGroup;
			children = (
				C5D3D93E1A3B6100005C1DE1 /* FLAnimatedImage.h */,
				C5D3D93F1A3B6100005C1DE1 /* FLAnimatedImage.m */,
				C5D3D9401A3B6100005C1DE1 /* FLAnimatedImageView.h */,
				C5D3D9411A3B6100005C1DE1 /* FLAnimatedImageView.m */,
			);
			name = Library;
			sourceTree = "<group>";
		};
		D9EA8C02187B1954008031B5 = {
			isa = PBXGroup;
			children = (
				C5D3D90A1A3A69EC005C1DE1 /* Library */,
				D9EA8C14187B1954008031B5 /* MCDemo */,
				D9EA8C36187B1955008031B5 /* MCDemoTests */,
				D9EA8C0D187B1954008031B5 /* Frameworks */,
				D9EA8C0C187B1954008031B5 /* Products */,
			);
			sourceTree = "<group>";
		};
		D9EA8C0C187B1954008031B5 /* Products */ = {
			isa = PBXGroup;
			children = (
				D9EA8C0B187B1954008031B5 /* Psiu.app */,
			);
			name = Products;
			sourceTree = "<group>";
		};
		D9EA8C0D187B1954008031B5 /* Frameworks */ = {
			isa = PBXGroup;
			children = (
				655C8B221A83FE920065099C /* CoreLocation.framework */,
				655C8B201A83FE550065099C /* CoreBluetooth.framework */,
				89F23CFB1A2DE05600DC0350 /* GLKit.framework */,
				89F23CF91A2DE04600DC0350 /* AudioToolbox.framework */,
				89F23CF71A2DE03C00DC0350 /* AVFoundation.framework */,
				D9EA8C0E187B1954008031B5 /* Foundation.framework */,
				D9EA8C10187B1954008031B5 /* CoreGraphics.framework */,
				D9EA8C12187B1954008031B5 /* UIKit.framework */,
				D9EA8C30187B1955008031B5 /* XCTest.framework */,
			);
			name = Frameworks;
			sourceTree = "<group>";
		};
		D9EA8C14187B1954008031B5 /* MCDemo */ = {
			isa = PBXGroup;
			children = (
				C5D3D9281A3B5FD0005C1DE1 /* label_abraco.png */,
				C5D3D9291A3B5FD0005C1DE1 /* label_batepapo.png */,
				C5D3D92A1A3B5FD0005C1DE1 /* label_lingua.png */,
				C5D3D92B1A3B5FD0005C1DE1 /* label_selinho.png */,
				C5D3D9511A3F1437005C1DE1 /* sacanagem_beijao.gif */,
				659D53D41A82471000605B87 /* psiu2_avatar2.jpg */,
				C5D3D9471A3B81B5005C1DE1 /* loading.gif */,
				659D53D21A82461200605B87 /* psiu_Avatar.jpg */,
				C5D3D94F1A3BA036005C1DE1 /* loading7.gif */,
				C5D3D9301A3B5FFA005C1DE1 /* psiubotao_off.png */,
				659D53D81A82578500605B87 /* psiu_Screen.jpg */,
				65C97B571A8526CA00AB1900 /* Cold.png */,
				65C97B581A8526CA00AB1900 /* Hot.png */,
				C5D3D9311A3B5FFA005C1DE1 /* psiubotao.png */,
				892EFF4C1A376E0C0096161D /* psiu-img.png */,
				C5D3D9361A3B604E005C1DE1 /* backarrow_red2.png */,
				C5D3D9371A3B604E005C1DE1 /* backarrow_white.png */,
				C5D3D9381A3B604E005C1DE1 /* backarrow.png */,
				C5D3D93C1A3B6069005C1DE1 /* sacanagem_selinho.gif */,
				C5D3D9491A3B8CDA005C1DE1 /* sacanagem_abraco.gif */,
				C5D3D94B1A3B8CFB005C1DE1 /* sacanagem_batepapo.gif */,
				892EFF541A377F380096161D /* back_btn2.png */,
				659D53D01A82458400605B87 /* psiu2.png */,
				89DBCC421A3250FC00803BD7 /* psiu.wav */,
				C5D3D9341A3B600F005C1DE1 /* psiuSE.wav */,
				89B457FC1A2F99740070157F /* kate2.jpg */,
				89F412CE1A2E4A0D00C16CC0 /* Usuario.h */,
				89F412CF1A2E4A0D00C16CC0 /* Usuario.m */,
				89B457FE1A2FA6340070157F /* Avatar-blank.jpg */,
				89B457FF1A2FA6340070157F /* editing-edit-icon.png */,
				89F412D11A2E4E7700C16CC0 /* kate.jpg */,
				65C97B5E1A85274E00AB1900 /* NATViewController.h */,
				65C97B5F1A85274E00AB1900 /* NATViewController.m */,
				65C97B5B1A85274200AB1900 /* NATHiBeaconsDelegate.h */,
				65C97B5C1A85274200AB1900 /* NATHiBeaconsDelegate.m */,
				D9629271187BD6E600228E81 /* MCManager.h */,
				D9629272187BD6E600228E81 /* MCManager.m */,
				D9EA8C1D187B1954008031B5 /* AppDelegate.h */,
				D9EA8C1E187B1954008031B5 /* AppDelegate.m */,
				D9EA8C20187B1954008031B5 /* Main.storyboard */,
				659D53D61A8254E700605B87 /* Launch Screen.xib */,
				891E380B1A3241F100FFA931 /* MatchViewController.h */,
				891E380C1A3241F100FFA931 /* MatchViewController.m */,
				891E38081A32255000FFA931 /* PerfilViewController.h */,
				891E38091A32255000FFA931 /* PerfilViewController.m */,
				C5D3D9071A3A19EE005C1DE1 /* Option.h */,
				C5D3D9081A3A19EE005C1DE1 /* Option.m */,
				89B458021A2FA6830070157F /* ViewControllerConfig.h */,
				89B458031A2FA6830070157F /* ViewControllerConfig.m */,
				89F412C51A2E3D0000C16CC0 /* UsersViewController.h */,
				89F412C61A2E3D0000C16CC0 /* UsersViewController.m */,
				C5D3D9111A3A6B10005C1DE1 /* GifViewController.h */,
				C5D3D9121A3A6B10005C1DE1 /* GifViewController.m */,
				89F412C81A2E405100C16CC0 /* Cell.h */,
				89F412C91A2E405100C16CC0 /* Cell.m */,
				C5D3D9041A3A150E005C1DE1 /* PerfilTableCell.h */,
				C5D3D9051A3A150E005C1DE1 /* PerfilTableCell.m */,
				65CBA4EF1A3B683800AF9E3E /* Psiu-Prefix.pch */,
				D9EA8C29187B1954008031B5 /* Images.xcassets */,
				D9EA8C15187B1954008031B5 /* Supporting Files */,
			);
			path = MCDemo;
			sourceTree = "<group>";
		};
		D9EA8C15187B1954008031B5 /* Supporting Files */ = {
			isa = PBXGroup;
			children = (
				89F23CFD1A2DE0BC00DC0350 /* EZAudio */,
				D9EA8C16187B1954008031B5 /* Psiu-Info.plist */,
				D9EA8C17187B1954008031B5 /* InfoPlist.strings */,
				D9EA8C1A187B1954008031B5 /* main.m */,
				D9EA8C1C187B1954008031B5 /* Psiu-Prefix.pch */,
			);
			name = "Supporting Files";
			sourceTree = "<group>";
		};
		D9EA8C36187B1955008031B5 /* MCDemoTests */ = {
			isa = PBXGroup;
			children = (
				D9EA8C3C187B1955008031B5 /* MCDemoTests.m */,
				D9EA8C37187B1955008031B5 /* Supporting Files */,
			);
			path = MCDemoTests;
			sourceTree = "<group>";
		};
		D9EA8C37187B1955008031B5 /* Supporting Files */ = {
			isa = PBXGroup;
			children = (
				D9EA8C38187B1955008031B5 /* PsiuTests-Info.plist */,
				D9EA8C39187B1955008031B5 /* InfoPlist.strings */,
			);
			name = "Supporting Files";
			sourceTree = "<group>";
		};
/* End PBXGroup section */

/* Begin PBXNativeTarget section */
		D9EA8C0A187B1954008031B5 /* Psiu */ = {
			isa = PBXNativeTarget;
			buildConfigurationList = D9EA8C40187B1955008031B5 /* Build configuration list for PBXNativeTarget "Psiu" */;
			buildPhases = (
				D9EA8C07187B1954008031B5 /* Sources */,
				D9EA8C08187B1954008031B5 /* Frameworks */,
				D9EA8C09187B1954008031B5 /* Resources */,
			);
			buildRules = (
			);
			dependencies = (
			);
			name = Psiu;
			productName = MCDemo;
			productReference = D9EA8C0B187B1954008031B5 /* Psiu.app */;
			productType = "com.apple.product-type.application";
		};
/* End PBXNativeTarget section */

/* Begin PBXProject section */
		D9EA8C03187B1954008031B5 /* Project object */ = {
			isa = PBXProject;
			attributes = {
				LastUpgradeCheck = 0610;
				ORGANIZATIONNAME = Appcoda;
				TargetAttributes = {
					D9EA8C0A187B1954008031B5 = {
						DevelopmentTeam = CC953577YZ;
					};
				};
			};
			buildConfigurationList = D9EA8C06187B1954008031B5 /* Build configuration list for PBXProject "Psiu" */;
			compatibilityVersion = "Xcode 3.2";
			developmentRegion = English;
			hasScannedForEncodings = 0;
			knownRegions = (
				en,
				Base,
			);
			mainGroup = D9EA8C02187B1954008031B5;
			productRefGroup = D9EA8C0C187B1954008031B5 /* Products */;
			projectDirPath = "";
			projectRoot = "";
			targets = (
				D9EA8C0A187B1954008031B5 /* Psiu */,
			);
		};
/* End PBXProject section */

/* Begin PBXResourcesBuildPhase section */
		D9EA8C09187B1954008031B5 /* Resources */ = {
			isa = PBXResourcesBuildPhase;
			buildActionMask = 2147483647;
			files = (
				89B458001A2FA6340070157F /* Avatar-blank.jpg in Resources */,
				C5D3D9501A3BA036005C1DE1 /* loading7.gif in Resources */,
				892EFF551A377F380096161D /* back_btn2.png in Resources */,
				C5D3D93B1A3B604E005C1DE1 /* backarrow.png in Resources */,
				C5D3D93A1A3B604E005C1DE1 /* backarrow_white.png in Resources */,
				89F23CFE1A2DE0BC00DC0350 /* EZAudio in Resources */,
				65C97B591A8526CA00AB1900 /* Cold.png in Resources */,
				C5D3D9331A3B5FFA005C1DE1 /* psiubotao.png in Resources */,
				659D53D51A82471000605B87 /* psiu2_avatar2.jpg in Resources */,
				C5D3D92D1A3B5FD0005C1DE1 /* label_batepapo.png in Resources */,
				C5D3D9391A3B604E005C1DE1 /* backarrow_red2.png in Resources */,
				C5D3D9521A3F1437005C1DE1 /* sacanagem_beijao.gif in Resources */,
				89B458011A2FA6340070157F /* editing-edit-icon.png in Resources */,
				C5D3D9481A3B81B5005C1DE1 /* loading.gif in Resources */,
				659D53D31A82461200605B87 /* psiu_Avatar.jpg in Resources */,
				65C97B5A1A8526CA00AB1900 /* Hot.png in Resources */,
				D9EA8C2A187B1954008031B5 /* Images.xcassets in Resources */,
				892EFF4D1A376E0C0096161D /* psiu-img.png in Resources */,
				89F412D21A2E4E7700C16CC0 /* kate.jpg in Resources */,
				89DBCC431A3250FC00803BD7 /* psiu.wav in Resources */,
				C5D3D92F1A3B5FD0005C1DE1 /* label_selinho.png in Resources */,
				C5D3D94A1A3B8CDA005C1DE1 /* sacanagem_abraco.gif in Resources */,
				C5D3D9351A3B600F005C1DE1 /* psiuSE.wav in Resources */,
				D9EA8C19187B1954008031B5 /* InfoPlist.strings in Resources */,
				C5D3D92E1A3B5FD0005C1DE1 /* label_lingua.png in Resources */,
				C5D3D9321A3B5FFA005C1DE1 /* psiubotao_off.png in Resources */,
				C5D3D92C1A3B5FD0005C1DE1 /* label_abraco.png in Resources */,
				659D53D11A82458400605B87 /* psiu2.png in Resources */,
				D9EA8C22187B1954008031B5 /* Main.storyboard in Resources */,
				C5D3D94C1A3B8CFB005C1DE1 /* sacanagem_batepapo.gif in Resources */,
				659D53D71A8254E700605B87 /* Launch Screen.xib in Resources */,
				C5D3D93D1A3B6069005C1DE1 /* sacanagem_selinho.gif in Resources */,
				659D53D91A82578500605B87 /* psiu_Screen.jpg in Resources */,
				89B457FD1A2F99740070157F /* kate2.jpg in Resources */,
			);
			runOnlyForDeploymentPostprocessing = 0;
		};
/* End PBXResourcesBuildPhase section */

/* Begin PBXSourcesBuildPhase section */
		D9EA8C07187B1954008031B5 /* Sources */ = {
			isa = PBXSourcesBuildPhase;
			buildActionMask = 2147483647;
			files = (
				65C97B601A85274E00AB1900 /* NATViewController.m in Sources */,
				89F412D01A2E4A0D00C16CC0 /* Usuario.m in Sources */,
				89B458041A2FA6830070157F /* ViewControllerConfig.m in Sources */,
				89F412C71A2E3D0000C16CC0 /* UsersViewController.m in Sources */,
				C5D3D9061A3A150E005C1DE1 /* PerfilTableCell.m in Sources */,
				D9629273187BD6E600228E81 /* MCManager.m in Sources */,
				891E380A1A32255000FFA931 /* PerfilViewController.m in Sources */,
				891E380D1A3241F100FFA931 /* MatchViewController.m in Sources */,
				65C97B5D1A85274200AB1900 /* NATHiBeaconsDelegate.m in Sources */,
				C5D3D9431A3B6100005C1DE1 /* FLAnimatedImageView.m in Sources */,
				D9EA8C1F187B1954008031B5 /* AppDelegate.m in Sources */,
				C5D3D9131A3A6B10005C1DE1 /* GifViewController.m in Sources */,
				C5D3D9421A3B6100005C1DE1 /* FLAnimatedImage.m in Sources */,
				C5D3D9091A3A19EE005C1DE1 /* Option.m in Sources */,
				D9EA8C1B187B1954008031B5 /* main.m in Sources */,
				89F412CA1A2E405100C16CC0 /* Cell.m in Sources */,
			);
			runOnlyForDeploymentPostprocessing = 0;
		};
/* End PBXSourcesBuildPhase section */

/* Begin PBXVariantGroup section */
		D9EA8C17187B1954008031B5 /* InfoPlist.strings */ = {
			isa = PBXVariantGroup;
			children = (
				D9EA8C18187B1954008031B5 /* en */,
			);
			name = InfoPlist.strings;
			sourceTree = "<group>";
		};
		D9EA8C20187B1954008031B5 /* Main.storyboard */ = {
			isa = PBXVariantGroup;
			children = (
				D9EA8C21187B1954008031B5 /* Base */,
			);
			name = Main.storyboard;
			sourceTree = "<group>";
		};
		D9EA8C39187B1955008031B5 /* InfoPlist.strings */ = {
			isa = PBXVariantGroup;
			children = (
				D9EA8C3A187B1955008031B5 /* en */,
			);
			name = InfoPlist.strings;
			sourceTree = "<group>";
		};
/* End PBXVariantGroup section */

/* Begin XCBuildConfiguration section */
		D9EA8C3E187B1955008031B5 /* Debug */ = {
			isa = XCBuildConfiguration;
			buildSettings = {
				ALWAYS_SEARCH_USER_PATHS = NO;
				CLANG_CXX_LANGUAGE_STANDARD = "gnu++0x";
				CLANG_CXX_LIBRARY = "libc++";
				CLANG_ENABLE_MODULES = YES;
				CLANG_ENABLE_OBJC_ARC = YES;
				CLANG_WARN_BOOL_CONVERSION = YES;
				CLANG_WARN_CONSTANT_CONVERSION = YES;
				CLANG_WARN_DIRECT_OBJC_ISA_USAGE = YES_ERROR;
				CLANG_WARN_EMPTY_BODY = YES;
				CLANG_WARN_ENUM_CONVERSION = YES;
				CLANG_WARN_INT_CONVERSION = YES;
				CLANG_WARN_OBJC_ROOT_CLASS = YES_ERROR;
				CLANG_WARN__DUPLICATE_METHOD_MATCH = YES;
				"CODE_SIGN_IDENTITY[sdk=iphoneos*]" = "iPhone Developer";
				COPY_PHASE_STRIP = NO;
				GCC_C_LANGUAGE_STANDARD = gnu99;
				GCC_DYNAMIC_NO_PIC = NO;
				GCC_OPTIMIZATION_LEVEL = 0;
				GCC_PREPROCESSOR_DEFINITIONS = (
					"DEBUG=1",
					"$(inherited)",
				);
				GCC_SYMBOLS_PRIVATE_EXTERN = NO;
				GCC_WARN_64_TO_32_BIT_CONVERSION = YES;
				GCC_WARN_ABOUT_RETURN_TYPE = YES_ERROR;
				GCC_WARN_UNDECLARED_SELECTOR = YES;
				GCC_WARN_UNINITIALIZED_AUTOS = YES;
				GCC_WARN_UNUSED_FUNCTION = YES;
				GCC_WARN_UNUSED_VARIABLE = YES;
				IPHONEOS_DEPLOYMENT_TARGET = 7.0;
				ONLY_ACTIVE_ARCH = YES;
				SDKROOT = iphoneos;
			};
			name = Debug;
		};
		D9EA8C3F187B1955008031B5 /* Release */ = {
			isa = XCBuildConfiguration;
			buildSettings = {
				ALWAYS_SEARCH_USER_PATHS = NO;
				CLANG_CXX_LANGUAGE_STANDARD = "gnu++0x";
				CLANG_CXX_LIBRARY = "libc++";
				CLANG_ENABLE_MODULES = YES;
				CLANG_ENABLE_OBJC_ARC = YES;
				CLANG_WARN_BOOL_CONVERSION = YES;
				CLANG_WARN_CONSTANT_CONVERSION = YES;
				CLANG_WARN_DIRECT_OBJC_ISA_USAGE = YES_ERROR;
				CLANG_WARN_EMPTY_BODY = YES;
				CLANG_WARN_ENUM_CONVERSION = YES;
				CLANG_WARN_INT_CONVERSION = YES;
				CLANG_WARN_OBJC_ROOT_CLASS = YES_ERROR;
				CLANG_WARN__DUPLICATE_METHOD_MATCH = YES;
				"CODE_SIGN_IDENTITY[sdk=iphoneos*]" = "iPhone Developer";
				COPY_PHASE_STRIP = YES;
				ENABLE_NS_ASSERTIONS = NO;
				GCC_C_LANGUAGE_STANDARD = gnu99;
				GCC_WARN_64_TO_32_BIT_CONVERSION = YES;
				GCC_WARN_ABOUT_RETURN_TYPE = YES_ERROR;
				GCC_WARN_UNDECLARED_SELECTOR = YES;
				GCC_WARN_UNINITIALIZED_AUTOS = YES;
				GCC_WARN_UNUSED_FUNCTION = YES;
				GCC_WARN_UNUSED_VARIABLE = YES;
				IPHONEOS_DEPLOYMENT_TARGET = 7.0;
				SDKROOT = iphoneos;
				VALIDATE_PRODUCT = YES;
			};
			name = Release;
		};
		D9EA8C41187B1955008031B5 /* Debug */ = {
			isa = XCBuildConfiguration;
			buildSettings = {
				ASSETCATALOG_COMPILER_APPICON_NAME = AppIcon;
				CODE_SIGN_IDENTITY = "iPhone Developer";
				"CODE_SIGN_IDENTITY[sdk=iphoneos*]" = "iPhone Developer";
				GCC_PRECOMPILE_PREFIX_HEADER = YES;
				GCC_PREFIX_HEADER = "MCDemo/Psiu-Prefix.pch";
				INFOPLIST_FILE = "MCDemo/Psiu-Info.plist";
				IPHONEOS_DEPLOYMENT_TARGET = 7.0;
				PRODUCT_NAME = Psiu;
				PROVISIONING_PROFILE = "";
				TARGETED_DEVICE_FAMILY = 1;
				WRAPPER_EXTENSION = app;
			};
			name = Debug;
		};
		D9EA8C42187B1955008031B5 /* Release */ = {
			isa = XCBuildConfiguration;
			buildSettings = {
				ASSETCATALOG_COMPILER_APPICON_NAME = AppIcon;
				CODE_SIGN_IDENTITY = "iPhone Developer";
				"CODE_SIGN_IDENTITY[sdk=iphoneos*]" = "iPhone Developer";
				GCC_PRECOMPILE_PREFIX_HEADER = YES;
				GCC_PREFIX_HEADER = "MCDemo/Psiu-Prefix.pch";
				INFOPLIST_FILE = "MCDemo/Psiu-Info.plist";
				IPHONEOS_DEPLOYMENT_TARGET = 7.0;
				PRODUCT_NAME = Psiu;
				PROVISIONING_PROFILE = "";
				TARGETED_DEVICE_FAMILY = 1;
				WRAPPER_EXTENSION = app;
			};
			name = Release;
		};
/* End XCBuildConfiguration section */

/* Begin XCConfigurationList section */
		D9EA8C06187B1954008031B5 /* Build configuration list for PBXProject "Psiu" */ = {
			isa = XCConfigurationList;
			buildConfigurations = (
				D9EA8C3E187B1955008031B5 /* Debug */,
				D9EA8C3F187B1955008031B5 /* Release */,
			);
			defaultConfigurationIsVisible = 0;
			defaultConfigurationName = Release;
		};
		D9EA8C40187B1955008031B5 /* Build configuration list for PBXNativeTarget "Psiu" */ = {
			isa = XCConfigurationList;
			buildConfigurations = (
				D9EA8C41187B1955008031B5 /* Debug */,
				D9EA8C42187B1955008031B5 /* Release */,
			);
			defaultConfigurationIsVisible = 0;
			defaultConfigurationName = Release;
		};
/* End XCConfigurationList section */
	};
	rootObject = D9EA8C03187B1954008031B5 /* Project object */;
}
