// !$*UTF8*$!
{
	archiveVersion = 1;
	classes = {
	};
	objectVersion = 46;
	objects = {

/* Begin PBXBuildFile section */
		891E380A1A32255000FFA931 /* PerfilViewController.m in Sources */ = {isa = PBXBuildFile; fileRef = 891E38091A32255000FFA931 /* PerfilViewController.m */; };
		891E380D1A3241F100FFA931 /* MatchViewController.m in Sources */ = {isa = PBXBuildFile; fileRef = 891E380C1A3241F100FFA931 /* MatchViewController.m */; };
		892EFF4D1A376E0C0096161D /* psiu-img.png in Resources */ = {isa = PBXBuildFile; fileRef = 892EFF4C1A376E0C0096161D /* psiu-img.png */; };
		892EFF551A377F380096161D /* back_btn2.png in Resources */ = {isa = PBXBuildFile; fileRef = 892EFF541A377F380096161D /* back_btn2.png */; };
		89B457FD1A2F99740070157F /* kate2.jpg in Resources */ = {isa = PBXBuildFile; fileRef = 89B457FC1A2F99740070157F /* kate2.jpg */; };
		89B458001A2FA6340070157F /* Avatar-blank.jpg in Resources */ = {isa = PBXBuildFile; fileRef = 89B457FE1A2FA6340070157F /* Avatar-blank.jpg */; };
		89B458011A2FA6340070157F /* editing-edit-icon.png in Resources */ = {isa = PBXBuildFile; fileRef = 89B457FF1A2FA6340070157F /* editing-edit-icon.png */; };
		89B458041A2FA6830070157F /* ViewControllerConfig.m in Sources */ = {isa = PBXBuildFile; fileRef = 89B458031A2FA6830070157F /* ViewControllerConfig.m */; };
		89DBCC431A3250FC00803BD7 /* psiu.wav in Resources */ = {isa = PBXBuildFile; fileRef = 89DBCC421A3250FC00803BD7 /* psiu.wav */; };
		89F23CF81A2DE03C00DC0350 /* AVFoundation.framework in Frameworks */ = {isa = PBXBuildFile; fileRef = 89F23CF71A2DE03C00DC0350 /* AVFoundation.framework */; };
		89F23CFA1A2DE04600DC0350 /* AudioToolbox.framework in Frameworks */ = {isa = PBXBuildFile; fileRef = 89F23CF91A2DE04600DC0350 /* AudioToolbox.framework */; };
		89F23CFC1A2DE05600DC0350 /* GLKit.framework in Frameworks */ = {isa = PBXBuildFile; fileRef = 89F23CFB1A2DE05600DC0350 /* GLKit.framework */; };
		89F23CFE1A2DE0BC00DC0350 /* EZAudio in Resources */ = {isa = PBXBuildFile; fileRef = 89F23CFD1A2DE0BC00DC0350 /* EZAudio */; };
		89F412C71A2E3D0000C16CC0 /* UsersViewController.m in Sources */ = {isa = PBXBuildFile; fileRef = 89F412C61A2E3D0000C16CC0 /* UsersViewController.m */; };
		89F412CA1A2E405100C16CC0 /* Cell.m in Sources */ = {isa = PBXBuildFile; fileRef = 89F412C91A2E405100C16CC0 /* Cell.m */; };
		89F412D01A2E4A0D00C16CC0 /* Usuario.m in Sources */ = {isa = PBXBuildFile; fileRef = 89F412CF1A2E4A0D00C16CC0 /* Usuario.m */; };
		89F412D21A2E4E7700C16CC0 /* kate.jpg in Resources */ = {isa = PBXBuildFile; fileRef = 89F412D11A2E4E7700C16CC0 /* kate.jpg */; };
		C5C2F13F1A3968EF004D9F35 /* psiubotao.png in Resources */ = {isa = PBXBuildFile; fileRef = C5C2F13E1A3968EF004D9F35 /* psiubotao.png */; };
		C5C2F1411A396CD0004D9F35 /* psiubotao_off.png in Resources */ = {isa = PBXBuildFile; fileRef = C5C2F1401A396CD0004D9F35 /* psiubotao_off.png */; };
		C5C2F1431A39E6BA004D9F35 /* psiuSE.wav in Resources */ = {isa = PBXBuildFile; fileRef = C5C2F1421A39E6BA004D9F35 /* psiuSE.wav */; };
		C5D3D9061A3A150E005C1DE1 /* PerfilTableCell.m in Sources */ = {isa = PBXBuildFile; fileRef = C5D3D9051A3A150E005C1DE1 /* PerfilTableCell.m */; };
		C5D3D9091A3A19EE005C1DE1 /* Option.m in Sources */ = {isa = PBXBuildFile; fileRef = C5D3D9081A3A19EE005C1DE1 /* Option.m */; };
		C5D3D90F1A3A6ACF005C1DE1 /* FLAnimatedImage.m in Sources */ = {isa = PBXBuildFile; fileRef = C5D3D90C1A3A6ACF005C1DE1 /* FLAnimatedImage.m */; };
		C5D3D9101A3A6ACF005C1DE1 /* FLAnimatedImageView.m in Sources */ = {isa = PBXBuildFile; fileRef = C5D3D90E1A3A6ACF005C1DE1 /* FLAnimatedImageView.m */; };
		C5D3D9131A3A6B10005C1DE1 /* GifViewController.m in Sources */ = {isa = PBXBuildFile; fileRef = C5D3D9121A3A6B10005C1DE1 /* GifViewController.m */; };
		C5D3D9151A3A6CB1005C1DE1 /* sacanagem_selinho.gif in Resources */ = {isa = PBXBuildFile; fileRef = C5D3D9141A3A6CB1005C1DE1 /* sacanagem_selinho.gif */; };
		C5D3D9191A3A71F0005C1DE1 /* backarrow.png in Resources */ = {isa = PBXBuildFile; fileRef = C5D3D9181A3A71F0005C1DE1 /* backarrow.png */; };
		C5D3D91D1A3A77EB005C1DE1 /* backarrow_red2.png in Resources */ = {isa = PBXBuildFile; fileRef = C5D3D91C1A3A77EB005C1DE1 /* backarrow_red2.png */; };
		C5D3D91F1A3A796D005C1DE1 /* backarrow_white.png in Resources */ = {isa = PBXBuildFile; fileRef = C5D3D91E1A3A796D005C1DE1 /* backarrow_white.png */; };
		C5D3D9241A3ABCA6005C1DE1 /* label_abraco.png in Resources */ = {isa = PBXBuildFile; fileRef = C5D3D9201A3ABCA6005C1DE1 /* label_abraco.png */; };
		C5D3D9251A3ABCA6005C1DE1 /* label_batepapo.png in Resources */ = {isa = PBXBuildFile; fileRef = C5D3D9211A3ABCA6005C1DE1 /* label_batepapo.png */; };
		C5D3D9261A3ABCA6005C1DE1 /* label_lingua.png in Resources */ = {isa = PBXBuildFile; fileRef = C5D3D9221A3ABCA6005C1DE1 /* label_lingua.png */; };
		C5D3D9271A3ABCA6005C1DE1 /* label_selinho.png in Resources */ = {isa = PBXBuildFile; fileRef = C5D3D9231A3ABCA6005C1DE1 /* label_selinho.png */; };
		D9629273187BD6E600228E81 /* MCManager.m in Sources */ = {isa = PBXBuildFile; fileRef = D9629272187BD6E600228E81 /* MCManager.m */; };
		D9EA8C0F187B1954008031B5 /* Foundation.framework in Frameworks */ = {isa = PBXBuildFile; fileRef = D9EA8C0E187B1954008031B5 /* Foundation.framework */; };
		D9EA8C11187B1954008031B5 /* CoreGraphics.framework in Frameworks */ = {isa = PBXBuildFile; fileRef = D9EA8C10187B1954008031B5 /* CoreGraphics.framework */; };
		D9EA8C13187B1954008031B5 /* UIKit.framework in Frameworks */ = {isa = PBXBuildFile; fileRef = D9EA8C12187B1954008031B5 /* UIKit.framework */; };
		D9EA8C19187B1954008031B5 /* InfoPlist.strings in Resources */ = {isa = PBXBuildFile; fileRef = D9EA8C17187B1954008031B5 /* InfoPlist.strings */; };
		D9EA8C1B187B1954008031B5 /* main.m in Sources */ = {isa = PBXBuildFile; fileRef = D9EA8C1A187B1954008031B5 /* main.m */; };
		D9EA8C1F187B1954008031B5 /* AppDelegate.m in Sources */ = {isa = PBXBuildFile; fileRef = D9EA8C1E187B1954008031B5 /* AppDelegate.m */; };
		D9EA8C22187B1954008031B5 /* Main.storyboard in Resources */ = {isa = PBXBuildFile; fileRef = D9EA8C20187B1954008031B5 /* Main.storyboard */; };
		D9EA8C2A187B1954008031B5 /* Images.xcassets in Resources */ = {isa = PBXBuildFile; fileRef = D9EA8C29187B1954008031B5 /* Images.xcassets */; };
		D9EA8C31187B1955008031B5 /* XCTest.framework in Frameworks */ = {isa = PBXBuildFile; fileRef = D9EA8C30187B1955008031B5 /* XCTest.framework */; };
		D9EA8C32187B1955008031B5 /* Foundation.framework in Frameworks */ = {isa = PBXBuildFile; fileRef = D9EA8C0E187B1954008031B5 /* Foundation.framework */; };
		D9EA8C33187B1955008031B5 /* UIKit.framework in Frameworks */ = {isa = PBXBuildFile; fileRef = D9EA8C12187B1954008031B5 /* UIKit.framework */; };
		D9EA8C3B187B1955008031B5 /* InfoPlist.strings in Resources */ = {isa = PBXBuildFile; fileRef = D9EA8C39187B1955008031B5 /* InfoPlist.strings */; };
		D9EA8C3D187B1955008031B5 /* MCDemoTests.m in Sources */ = {isa = PBXBuildFile; fileRef = D9EA8C3C187B1955008031B5 /* MCDemoTests.m */; };
/* End PBXBuildFile section */

/* Begin PBXContainerItemProxy section */
		D9EA8C34187B1955008031B5 /* PBXContainerItemProxy */ = {
			isa = PBXContainerItemProxy;
			containerPortal = D9EA8C03187B1954008031B5 /* Project object */;
			proxyType = 1;
			remoteGlobalIDString = D9EA8C0A187B1954008031B5;
			remoteInfo = MCDemo;
		};
/* End PBXContainerItemProxy section */

/* Begin PBXFileReference section */
		891E38081A32255000FFA931 /* PerfilViewController.h */ = {isa = PBXFileReference; fileEncoding = 4; lastKnownFileType = sourcecode.c.h; path = PerfilViewController.h; sourceTree = "<group>"; };
		891E38091A32255000FFA931 /* PerfilViewController.m */ = {isa = PBXFileReference; fileEncoding = 4; lastKnownFileType = sourcecode.c.objc; path = PerfilViewController.m; sourceTree = "<group>"; };
		891E380B1A3241F100FFA931 /* MatchViewController.h */ = {isa = PBXFileReference; fileEncoding = 4; lastKnownFileType = sourcecode.c.h; path = MatchViewController.h; sourceTree = "<group>"; };
		891E380C1A3241F100FFA931 /* MatchViewController.m */ = {isa = PBXFileReference; fileEncoding = 4; lastKnownFileType = sourcecode.c.objc; path = MatchViewController.m; sourceTree = "<group>"; };
		892EFF4C1A376E0C0096161D /* psiu-img.png */ = {isa = PBXFileReference; lastKnownFileType = image.png; path = "psiu-img.png"; sourceTree = "<group>"; };
		892EFF541A377F380096161D /* back_btn2.png */ = {isa = PBXFileReference; lastKnownFileType = image.png; path = back_btn2.png; sourceTree = "<group>"; };
		89B457FC1A2F99740070157F /* kate2.jpg */ = {isa = PBXFileReference; lastKnownFileType = image.jpeg; path = kate2.jpg; sourceTree = "<group>"; };
		89B457FE1A2FA6340070157F /* Avatar-blank.jpg */ = {isa = PBXFileReference; lastKnownFileType = image.jpeg; path = "Avatar-blank.jpg"; sourceTree = "<group>"; };
		89B457FF1A2FA6340070157F /* editing-edit-icon.png */ = {isa = PBXFileReference; lastKnownFileType = image.png; path = "editing-edit-icon.png"; sourceTree = "<group>"; };
		89B458021A2FA6830070157F /* ViewControllerConfig.h */ = {isa = PBXFileReference; fileEncoding = 4; lastKnownFileType = sourcecode.c.h; path = ViewControllerConfig.h; sourceTree = "<group>"; };
		89B458031A2FA6830070157F /* ViewControllerConfig.m */ = {isa = PBXFileReference; fileEncoding = 4; lastKnownFileType = sourcecode.c.objc; path = ViewControllerConfig.m; sourceTree = "<group>"; };
		89DBCC421A3250FC00803BD7 /* psiu.wav */ = {isa = PBXFileReference; lastKnownFileType = audio.wav; path = psiu.wav; sourceTree = "<group>"; };
		89F23CF71A2DE03C00DC0350 /* AVFoundation.framework */ = {isa = PBXFileReference; lastKnownFileType = wrapper.framework; name = AVFoundation.framework; path = System/Library/Frameworks/AVFoundation.framework; sourceTree = SDKROOT; };
		89F23CF91A2DE04600DC0350 /* AudioToolbox.framework */ = {isa = PBXFileReference; lastKnownFileType = wrapper.framework; name = AudioToolbox.framework; path = System/Library/Frameworks/AudioToolbox.framework; sourceTree = SDKROOT; };
		89F23CFB1A2DE05600DC0350 /* GLKit.framework */ = {isa = PBXFileReference; lastKnownFileType = wrapper.framework; name = GLKit.framework; path = System/Library/Frameworks/GLKit.framework; sourceTree = SDKROOT; };
		89F23CFD1A2DE0BC00DC0350 /* EZAudio */ = {isa = PBXFileReference; lastKnownFileType = folder; path = EZAudio; sourceTree = "<group>"; };
		89F412C51A2E3D0000C16CC0 /* UsersViewController.h */ = {isa = PBXFileReference; fileEncoding = 4; lastKnownFileType = sourcecode.c.h; path = UsersViewController.h; sourceTree = "<group>"; };
		89F412C61A2E3D0000C16CC0 /* UsersViewController.m */ = {isa = PBXFileReference; fileEncoding = 4; lastKnownFileType = sourcecode.c.objc; path = UsersViewController.m; sourceTree = "<group>"; };
		89F412C81A2E405100C16CC0 /* Cell.h */ = {isa = PBXFileReference; fileEncoding = 4; lastKnownFileType = sourcecode.c.h; path = Cell.h; sourceTree = "<group>"; };
		89F412C91A2E405100C16CC0 /* Cell.m */ = {isa = PBXFileReference; fileEncoding = 4; lastKnownFileType = sourcecode.c.objc; path = Cell.m; sourceTree = "<group>"; };
		89F412CE1A2E4A0D00C16CC0 /* Usuario.h */ = {isa = PBXFileReference; fileEncoding = 4; lastKnownFileType = sourcecode.c.h; name = Usuario.h; path = ../Usuario.h; sourceTree = "<group>"; };
		89F412CF1A2E4A0D00C16CC0 /* Usuario.m */ = {isa = PBXFileReference; fileEncoding = 4; lastKnownFileType = sourcecode.c.objc; name = Usuario.m; path = ../Usuario.m; sourceTree = "<group>"; };
		89F412D11A2E4E7700C16CC0 /* kate.jpg */ = {isa = PBXFileReference; lastKnownFileType = image.jpeg; path = kate.jpg; sourceTree = "<group>"; };
		C5C2F13E1A3968EF004D9F35 /* psiubotao.png */ = {isa = PBXFileReference; lastKnownFileType = image.png; name = psiubotao.png; path = ../../../../../Downloads/psiubotao.png; sourceTree = "<group>"; };
		C5C2F1401A396CD0004D9F35 /* psiubotao_off.png */ = {isa = PBXFileReference; lastKnownFileType = image.png; name = psiubotao_off.png; path = ../../../../../Downloads/psiubotao_off.png; sourceTree = "<group>"; };
		C5C2F1421A39E6BA004D9F35 /* psiuSE.wav */ = {isa = PBXFileReference; lastKnownFileType = audio.wav; name = psiuSE.wav; path = ../../../../../Downloads/psiuSE.wav; sourceTree = "<group>"; };
		C5D3D9041A3A150E005C1DE1 /* PerfilTableCell.h */ = {isa = PBXFileReference; fileEncoding = 4; lastKnownFileType = sourcecode.c.h; path = PerfilTableCell.h; sourceTree = "<group>"; };
		C5D3D9051A3A150E005C1DE1 /* PerfilTableCell.m */ = {isa = PBXFileReference; fileEncoding = 4; lastKnownFileType = sourcecode.c.objc; path = PerfilTableCell.m; sourceTree = "<group>"; };
		C5D3D9071A3A19EE005C1DE1 /* Option.h */ = {isa = PBXFileReference; fileEncoding = 4; lastKnownFileType = sourcecode.c.h; path = Option.h; sourceTree = "<group>"; };
		C5D3D9081A3A19EE005C1DE1 /* Option.m */ = {isa = PBXFileReference; fileEncoding = 4; lastKnownFileType = sourcecode.c.objc; path = Option.m; sourceTree = "<group>"; };
		C5D3D90B1A3A6ACF005C1DE1 /* FLAnimatedImage.h */ = {isa = PBXFileReference; fileEncoding = 4; lastKnownFileType = sourcecode.c.h; name = FLAnimatedImage.h; path = "../../../../Downloads/FLAnimatedImage-master/FLAnimatedImageDemo/FLAnimatedImage/FLAnimatedImage.h"; sourceTree = "<group>"; };
		C5D3D90C1A3A6ACF005C1DE1 /* FLAnimatedImage.m */ = {isa = PBXFileReference; fileEncoding = 4; lastKnownFileType = sourcecode.c.objc; name = FLAnimatedImage.m; path = "../../../../Downloads/FLAnimatedImage-master/FLAnimatedImageDemo/FLAnimatedImage/FLAnimatedImage.m"; sourceTree = "<group>"; };
		C5D3D90D1A3A6ACF005C1DE1 /* FLAnimatedImageView.h */ = {isa = PBXFileReference; fileEncoding = 4; lastKnownFileType = sourcecode.c.h; name = FLAnimatedImageView.h; path = "../../../../Downloads/FLAnimatedImage-master/FLAnimatedImageDemo/FLAnimatedImage/FLAnimatedImageView.h"; sourceTree = "<group>"; };
		C5D3D90E1A3A6ACF005C1DE1 /* FLAnimatedImageView.m */ = {isa = PBXFileReference; fileEncoding = 4; lastKnownFileType = sourcecode.c.objc; name = FLAnimatedImageView.m; path = "../../../../Downloads/FLAnimatedImage-master/FLAnimatedImageDemo/FLAnimatedImage/FLAnimatedImageView.m"; sourceTree = "<group>"; };
		C5D3D9111A3A6B10005C1DE1 /* GifViewController.h */ = {isa = PBXFileReference; fileEncoding = 4; lastKnownFileType = sourcecode.c.h; path = GifViewController.h; sourceTree = "<group>"; };
		C5D3D9121A3A6B10005C1DE1 /* GifViewController.m */ = {isa = PBXFileReference; fileEncoding = 4; lastKnownFileType = sourcecode.c.objc; path = GifViewController.m; sourceTree = "<group>"; };
		C5D3D9141A3A6CB1005C1DE1 /* sacanagem_selinho.gif */ = {isa = PBXFileReference; lastKnownFileType = image.gif; name = sacanagem_selinho.gif; path = ../../../../../Downloads/sacanagem_selinho.gif; sourceTree = "<group>"; };
		C5D3D9181A3A71F0005C1DE1 /* backarrow.png */ = {isa = PBXFileReference; lastKnownFileType = image.png; name = backarrow.png; path = ../../../../../Downloads/backarrow.png; sourceTree = "<group>"; };
		C5D3D91C1A3A77EB005C1DE1 /* backarrow_red2.png */ = {isa = PBXFileReference; lastKnownFileType = image.png; name = backarrow_red2.png; path = ../../../../../Downloads/backarrow_red2.png; sourceTree = "<group>"; };
		C5D3D91E1A3A796D005C1DE1 /* backarrow_white.png */ = {isa = PBXFileReference; lastKnownFileType = image.png; name = backarrow_white.png; path = ../../../../../Downloads/backarrow_white.png; sourceTree = "<group>"; };
		C5D3D9201A3ABCA6005C1DE1 /* label_abraco.png */ = {isa = PBXFileReference; lastKnownFileType = image.png; name = label_abraco.png; path = ../../../../../Downloads/psiu/label_abraco.png; sourceTree = "<group>"; };
		C5D3D9211A3ABCA6005C1DE1 /* label_batepapo.png */ = {isa = PBXFileReference; lastKnownFileType = image.png; name = label_batepapo.png; path = ../../../../../Downloads/psiu/label_batepapo.png; sourceTree = "<group>"; };
		C5D3D9221A3ABCA6005C1DE1 /* label_lingua.png */ = {isa = PBXFileReference; lastKnownFileType = image.png; name = label_lingua.png; path = ../../../../../Downloads/psiu/label_lingua.png; sourceTree = "<group>"; };
		C5D3D9231A3ABCA6005C1DE1 /* label_selinho.png */ = {isa = PBXFileReference; lastKnownFileType = image.png; name = label_selinho.png; path = ../../../../../Downloads/psiu/label_selinho.png; sourceTree = "<group>"; };
		D9629271187BD6E600228E81 /* MCManager.h */ = {isa = PBXFileReference; fileEncoding = 4; lastKnownFileType = sourcecode.c.h; path = MCManager.h; sourceTree = "<group>"; };
		D9629272187BD6E600228E81 /* MCManager.m */ = {isa = PBXFileReference; fileEncoding = 4; lastKnownFileType = sourcecode.c.objc; path = MCManager.m; sourceTree = "<group>"; };
		D9EA8C0B187B1954008031B5 /* MCDemo.app */ = {isa = PBXFileReference; explicitFileType = wrapper.application; includeInIndex = 0; path = MCDemo.app; sourceTree = BUILT_PRODUCTS_DIR; };
		D9EA8C0E187B1954008031B5 /* Foundation.framework */ = {isa = PBXFileReference; lastKnownFileType = wrapper.framework; name = Foundation.framework; path = System/Library/Frameworks/Foundation.framework; sourceTree = SDKROOT; };
		D9EA8C10187B1954008031B5 /* CoreGraphics.framework */ = {isa = PBXFileReference; lastKnownFileType = wrapper.framework; name = CoreGraphics.framework; path = System/Library/Frameworks/CoreGraphics.framework; sourceTree = SDKROOT; };
		D9EA8C12187B1954008031B5 /* UIKit.framework */ = {isa = PBXFileReference; lastKnownFileType = wrapper.framework; name = UIKit.framework; path = System/Library/Frameworks/UIKit.framework; sourceTree = SDKROOT; };
		D9EA8C16187B1954008031B5 /* MCDemo-Info.plist */ = {isa = PBXFileReference; lastKnownFileType = text.plist.xml; path = "MCDemo-Info.plist"; sourceTree = "<group>"; };
		D9EA8C18187B1954008031B5 /* en */ = {isa = PBXFileReference; lastKnownFileType = text.plist.strings; name = en; path = en.lproj/InfoPlist.strings; sourceTree = "<group>"; };
		D9EA8C1A187B1954008031B5 /* main.m */ = {isa = PBXFileReference; lastKnownFileType = sourcecode.c.objc; path = main.m; sourceTree = "<group>"; };
		D9EA8C1C187B1954008031B5 /* MCDemo-Prefix.pch */ = {isa = PBXFileReference; lastKnownFileType = sourcecode.c.h; path = "MCDemo-Prefix.pch"; sourceTree = "<group>"; };
		D9EA8C1D187B1954008031B5 /* AppDelegate.h */ = {isa = PBXFileReference; lastKnownFileType = sourcecode.c.h; path = AppDelegate.h; sourceTree = "<group>"; };
		D9EA8C1E187B1954008031B5 /* AppDelegate.m */ = {isa = PBXFileReference; lastKnownFileType = sourcecode.c.objc; path = AppDelegate.m; sourceTree = "<group>"; };
		D9EA8C21187B1954008031B5 /* Base */ = {isa = PBXFileReference; lastKnownFileType = file.storyboard; name = Base; path = Base.lproj/Main.storyboard; sourceTree = "<group>"; };
		D9EA8C29187B1954008031B5 /* Images.xcassets */ = {isa = PBXFileReference; lastKnownFileType = folder.assetcatalog; path = Images.xcassets; sourceTree = "<group>"; };
		D9EA8C2F187B1955008031B5 /* MCDemoTests.xctest */ = {isa = PBXFileReference; explicitFileType = wrapper.cfbundle; includeInIndex = 0; path = MCDemoTests.xctest; sourceTree = BUILT_PRODUCTS_DIR; };
		D9EA8C30187B1955008031B5 /* XCTest.framework */ = {isa = PBXFileReference; lastKnownFileType = wrapper.framework; name = XCTest.framework; path = Library/Frameworks/XCTest.framework; sourceTree = DEVELOPER_DIR; };
		D9EA8C38187B1955008031B5 /* MCDemoTests-Info.plist */ = {isa = PBXFileReference; lastKnownFileType = text.plist.xml; path = "MCDemoTests-Info.plist"; sourceTree = "<group>"; };
		D9EA8C3A187B1955008031B5 /* en */ = {isa = PBXFileReference; lastKnownFileType = text.plist.strings; name = en; path = en.lproj/InfoPlist.strings; sourceTree = "<group>"; };
		D9EA8C3C187B1955008031B5 /* MCDemoTests.m */ = {isa = PBXFileReference; lastKnownFileType = sourcecode.c.objc; path = MCDemoTests.m; sourceTree = "<group>"; };
/* End PBXFileReference section */

/* Begin PBXFrameworksBuildPhase section */
		D9EA8C08187B1954008031B5 /* Frameworks */ = {
			isa = PBXFrameworksBuildPhase;
			buildActionMask = 2147483647;
			files = (
				89F23CFC1A2DE05600DC0350 /* GLKit.framework in Frameworks */,
				89F23CFA1A2DE04600DC0350 /* AudioToolbox.framework in Frameworks */,
				89F23CF81A2DE03C00DC0350 /* AVFoundation.framework in Frameworks */,
				D9EA8C11187B1954008031B5 /* CoreGraphics.framework in Frameworks */,
				D9EA8C13187B1954008031B5 /* UIKit.framework in Frameworks */,
				D9EA8C0F187B1954008031B5 /* Foundation.framework in Frameworks */,
			);
			runOnlyForDeploymentPostprocessing = 0;
		};
		D9EA8C2C187B1955008031B5 /* Frameworks */ = {
			isa = PBXFrameworksBuildPhase;
			buildActionMask = 2147483647;
			files = (
				D9EA8C31187B1955008031B5 /* XCTest.framework in Frameworks */,
				D9EA8C33187B1955008031B5 /* UIKit.framework in Frameworks */,
				D9EA8C32187B1955008031B5 /* Foundation.framework in Frameworks */,
			);
			runOnlyForDeploymentPostprocessing = 0;
		};
/* End PBXFrameworksBuildPhase section */

/* Begin PBXGroup section */
		C5D3D90A1A3A69EC005C1DE1 /* Library */ = {
			isa = PBXGroup;
			children = (
				C5D3D90B1A3A6ACF005C1DE1 /* FLAnimatedImage.h */,
				C5D3D90C1A3A6ACF005C1DE1 /* FLAnimatedImage.m */,
				C5D3D90D1A3A6ACF005C1DE1 /* FLAnimatedImageView.h */,
				C5D3D90E1A3A6ACF005C1DE1 /* FLAnimatedImageView.m */,
			);
			name = Library;
			sourceTree = "<group>";
		};
		D9EA8C02187B1954008031B5 = {
			isa = PBXGroup;
			children = (
				C5D3D90A1A3A69EC005C1DE1 /* Library */,
				D9EA8C14187B1954008031B5 /* MCDemo */,
				D9EA8C36187B1955008031B5 /* MCDemoTests */,
				D9EA8C0D187B1954008031B5 /* Frameworks */,
				D9EA8C0C187B1954008031B5 /* Products */,
			);
			sourceTree = "<group>";
		};
		D9EA8C0C187B1954008031B5 /* Products */ = {
			isa = PBXGroup;
			children = (
				D9EA8C0B187B1954008031B5 /* MCDemo.app */,
				D9EA8C2F187B1955008031B5 /* MCDemoTests.xctest */,
			);
			name = Products;
			sourceTree = "<group>";
		};
		D9EA8C0D187B1954008031B5 /* Frameworks */ = {
			isa = PBXGroup;
			children = (
				89F23CFB1A2DE05600DC0350 /* GLKit.framework */,
				89F23CF91A2DE04600DC0350 /* AudioToolbox.framework */,
				89F23CF71A2DE03C00DC0350 /* AVFoundation.framework */,
				D9EA8C0E187B1954008031B5 /* Foundation.framework */,
				D9EA8C10187B1954008031B5 /* CoreGraphics.framework */,
				D9EA8C12187B1954008031B5 /* UIKit.framework */,
				D9EA8C30187B1955008031B5 /* XCTest.framework */,
			);
			name = Frameworks;
			sourceTree = "<group>";
		};
		D9EA8C14187B1954008031B5 /* MCDemo */ = {
			isa = PBXGroup;
			children = (
				C5D3D9201A3ABCA6005C1DE1 /* label_abraco.png */,
				C5D3D9211A3ABCA6005C1DE1 /* label_batepapo.png */,
				C5D3D9221A3ABCA6005C1DE1 /* label_lingua.png */,
				C5D3D9231A3ABCA6005C1DE1 /* label_selinho.png */,
				C5C2F1401A396CD0004D9F35 /* psiubotao_off.png */,
				C5C2F13E1A3968EF004D9F35 /* psiubotao.png */,
				892EFF4C1A376E0C0096161D /* psiu-img.png */,
				892EFF541A377F380096161D /* back_btn2.png */,
				89DBCC421A3250FC00803BD7 /* psiu.wav */,
				C5C2F1421A39E6BA004D9F35 /* psiuSE.wav */,
				C5D3D9181A3A71F0005C1DE1 /* backarrow.png */,
				C5D3D91C1A3A77EB005C1DE1 /* backarrow_red2.png */,
				C5D3D91E1A3A796D005C1DE1 /* backarrow_white.png */,
				89B457FC1A2F99740070157F /* kate2.jpg */,
				89F412CE1A2E4A0D00C16CC0 /* Usuario.h */,
				89F412CF1A2E4A0D00C16CC0 /* Usuario.m */,
				89B457FE1A2FA6340070157F /* Avatar-blank.jpg */,
				89B457FF1A2FA6340070157F /* editing-edit-icon.png */,
				89F412D11A2E4E7700C16CC0 /* kate.jpg */,
				C5D3D9141A3A6CB1005C1DE1 /* sacanagem_selinho.gif */,
				D9629271187BD6E600228E81 /* MCManager.h */,
				D9629272187BD6E600228E81 /* MCManager.m */,
				D9EA8C1D187B1954008031B5 /* AppDelegate.h */,
				D9EA8C1E187B1954008031B5 /* AppDelegate.m */,
				D9EA8C20187B1954008031B5 /* Main.storyboard */,
				891E380B1A3241F100FFA931 /* MatchViewController.h */,
				891E380C1A3241F100FFA931 /* MatchViewController.m */,
				891E38081A32255000FFA931 /* PerfilViewController.h */,
				891E38091A32255000FFA931 /* PerfilViewController.m */,
				C5D3D9071A3A19EE005C1DE1 /* Option.h */,
				C5D3D9081A3A19EE005C1DE1 /* Option.m */,
				89B458021A2FA6830070157F /* ViewControllerConfig.h */,
				89B458031A2FA6830070157F /* ViewControllerConfig.m */,
				89F412C51A2E3D0000C16CC0 /* UsersViewController.h */,
				89F412C61A2E3D0000C16CC0 /* UsersViewController.m */,
				C5D3D9111A3A6B10005C1DE1 /* GifViewController.h */,
				C5D3D9121A3A6B10005C1DE1 /* GifViewController.m */,
				89F412C81A2E405100C16CC0 /* Cell.h */,
				89F412C91A2E405100C16CC0 /* Cell.m */,
				C5D3D9041A3A150E005C1DE1 /* PerfilTableCell.h */,
				C5D3D9051A3A150E005C1DE1 /* PerfilTableCell.m */,
				D9EA8C29187B1954008031B5 /* Images.xcassets */,
				D9EA8C15187B1954008031B5 /* Supporting Files */,
			);
			path = MCDemo;
			sourceTree = "<group>";
		};
		D9EA8C15187B1954008031B5 /* Supporting Files */ = {
			isa = PBXGroup;
			children = (
				89F23CFD1A2DE0BC00DC0350 /* EZAudio */,
				D9EA8C16187B1954008031B5 /* MCDemo-Info.plist */,
				D9EA8C17187B1954008031B5 /* InfoPlist.strings */,
				D9EA8C1A187B1954008031B5 /* main.m */,
				D9EA8C1C187B1954008031B5 /* MCDemo-Prefix.pch */,
			);
			name = "Supporting Files";
			sourceTree = "<group>";
		};
		D9EA8C36187B1955008031B5 /* MCDemoTests */ = {
			isa = PBXGroup;
			children = (
				D9EA8C3C187B1955008031B5 /* MCDemoTests.m */,
				D9EA8C37187B1955008031B5 /* Supporting Files */,
			);
			path = MCDemoTests;
			sourceTree = "<group>";
		};
		D9EA8C37187B1955008031B5 /* Supporting Files */ = {
			isa = PBXGroup;
			children = (
				D9EA8C38187B1955008031B5 /* MCDemoTests-Info.plist */,
				D9EA8C39187B1955008031B5 /* InfoPlist.strings */,
			);
			name = "Supporting Files";
			sourceTree = "<group>";
		};
/* End PBXGroup section */

/* Begin PBXNativeTarget section */
		D9EA8C0A187B1954008031B5 /* MCDemo */ = {
			isa = PBXNativeTarget;
			buildConfigurationList = D9EA8C40187B1955008031B5 /* Build configuration list for PBXNativeTarget "MCDemo" */;
			buildPhases = (
				D9EA8C07187B1954008031B5 /* Sources */,
				D9EA8C08187B1954008031B5 /* Frameworks */,
				D9EA8C09187B1954008031B5 /* Resources */,
			);
			buildRules = (
			);
			dependencies = (
			);
			name = MCDemo;
			productName = MCDemo;
			productReference = D9EA8C0B187B1954008031B5 /* MCDemo.app */;
			productType = "com.apple.product-type.application";
		};
		D9EA8C2E187B1955008031B5 /* MCDemoTests */ = {
			isa = PBXNativeTarget;
			buildConfigurationList = D9EA8C43187B1955008031B5 /* Build configuration list for PBXNativeTarget "MCDemoTests" */;
			buildPhases = (
				D9EA8C2B187B1955008031B5 /* Sources */,
				D9EA8C2C187B1955008031B5 /* Frameworks */,
				D9EA8C2D187B1955008031B5 /* Resources */,
			);
			buildRules = (
			);
			dependencies = (
				D9EA8C35187B1955008031B5 /* PBXTargetDependency */,
			);
			name = MCDemoTests;
			productName = MCDemoTests;
			productReference = D9EA8C2F187B1955008031B5 /* MCDemoTests.xctest */;
			productType = "com.apple.product-type.bundle.unit-test";
		};
/* End PBXNativeTarget section */

/* Begin PBXProject section */
		D9EA8C03187B1954008031B5 /* Project object */ = {
			isa = PBXProject;
			attributes = {
				LastUpgradeCheck = 0610;
				ORGANIZATIONNAME = Appcoda;
				TargetAttributes = {
					D9EA8C0A187B1954008031B5 = {
						DevelopmentTeam = CC953577YZ;
					};
					D9EA8C2E187B1955008031B5 = {
						TestTargetID = D9EA8C0A187B1954008031B5;
					};
				};
			};
			buildConfigurationList = D9EA8C06187B1954008031B5 /* Build configuration list for PBXProject "MCDemo" */;
			compatibilityVersion = "Xcode 3.2";
			developmentRegion = English;
			hasScannedForEncodings = 0;
			knownRegions = (
				en,
				Base,
			);
			mainGroup = D9EA8C02187B1954008031B5;
			productRefGroup = D9EA8C0C187B1954008031B5 /* Products */;
			projectDirPath = "";
			projectRoot = "";
			targets = (
				D9EA8C0A187B1954008031B5 /* MCDemo */,
				D9EA8C2E187B1955008031B5 /* MCDemoTests */,
			);
		};
/* End PBXProject section */

/* Begin PBXResourcesBuildPhase section */
		D9EA8C09187B1954008031B5 /* Resources */ = {
			isa = PBXResourcesBuildPhase;
			buildActionMask = 2147483647;
			files = (
				89B458001A2FA6340070157F /* Avatar-blank.jpg in Resources */,
				C5D3D91F1A3A796D005C1DE1 /* backarrow_white.png in Resources */,
				892EFF551A377F380096161D /* back_btn2.png in Resources */,
				89F23CFE1A2DE0BC00DC0350 /* EZAudio in Resources */,
				C5D3D9251A3ABCA6005C1DE1 /* label_batepapo.png in Resources */,
				C5C2F1431A39E6BA004D9F35 /* psiuSE.wav in Resources */,
				89B458011A2FA6340070157F /* editing-edit-icon.png in Resources */,
				C5C2F13F1A3968EF004D9F35 /* psiubotao.png in Resources */,
				C5D3D9191A3A71F0005C1DE1 /* backarrow.png in Resources */,
				D9EA8C2A187B1954008031B5 /* Images.xcassets in Resources */,
				C5D3D91D1A3A77EB005C1DE1 /* backarrow_red2.png in Resources */,
				892EFF4D1A376E0C0096161D /* psiu-img.png in Resources */,
				89F412D21A2E4E7700C16CC0 /* kate.jpg in Resources */,
				89DBCC431A3250FC00803BD7 /* psiu.wav in Resources */,
				C5D3D9151A3A6CB1005C1DE1 /* sacanagem_selinho.gif in Resources */,
				C5D3D9271A3ABCA6005C1DE1 /* label_selinho.png in Resources */,
				D9EA8C19187B1954008031B5 /* InfoPlist.strings in Resources */,
				C5D3D9261A3ABCA6005C1DE1 /* label_lingua.png in Resources */,
				C5D3D9241A3ABCA6005C1DE1 /* label_abraco.png in Resources */,
				D9EA8C22187B1954008031B5 /* Main.storyboard in Resources */,
				89B457FD1A2F99740070157F /* kate2.jpg in Resources */,
				C5C2F1411A396CD0004D9F35 /* psiubotao_off.png in Resources */,
			);
			runOnlyForDeploymentPostprocessing = 0;
		};
		D9EA8C2D187B1955008031B5 /* Resources */ = {
			isa = PBXResourcesBuildPhase;
			buildActionMask = 2147483647;
			files = (
				D9EA8C3B187B1955008031B5 /* InfoPlist.strings in Resources */,
			);
			runOnlyForDeploymentPostprocessing = 0;
		};
/* End PBXResourcesBuildPhase section */

/* Begin PBXSourcesBuildPhase section */
		D9EA8C07187B1954008031B5 /* Sources */ = {
			isa = PBXSourcesBuildPhase;
			buildActionMask = 2147483647;
			files = (
				89F412D01A2E4A0D00C16CC0 /* Usuario.m in Sources */,
				89B458041A2FA6830070157F /* ViewControllerConfig.m in Sources */,
				89F412C71A2E3D0000C16CC0 /* UsersViewController.m in Sources */,
				C5D3D9061A3A150E005C1DE1 /* PerfilTableCell.m in Sources */,
				D9629273187BD6E600228E81 /* MCManager.m in Sources */,
				891E380A1A32255000FFA931 /* PerfilViewController.m in Sources */,
				891E380D1A3241F100FFA931 /* MatchViewController.m in Sources */,
				D9EA8C1F187B1954008031B5 /* AppDelegate.m in Sources */,
				C5D3D90F1A3A6ACF005C1DE1 /* FLAnimatedImage.m in Sources */,
				C5D3D9131A3A6B10005C1DE1 /* GifViewController.m in Sources */,
				C5D3D9091A3A19EE005C1DE1 /* Option.m in Sources */,
				D9EA8C1B187B1954008031B5 /* main.m in Sources */,
				C5D3D9101A3A6ACF005C1DE1 /* FLAnimatedImageView.m in Sources */,
				89F412CA1A2E405100C16CC0 /* Cell.m in Sources */,
			);
			runOnlyForDeploymentPostprocessing = 0;
		};
		D9EA8C2B187B1955008031B5 /* Sources */ = {
			isa = PBXSourcesBuildPhase;
			buildActionMask = 2147483647;
			files = (
				D9EA8C3D187B1955008031B5 /* MCDemoTests.m in Sources */,
			);
			runOnlyForDeploymentPostprocessing = 0;
		};
/* End PBXSourcesBuildPhase section */

/* Begin PBXTargetDependency section */
		D9EA8C35187B1955008031B5 /* PBXTargetDependency */ = {
			isa = PBXTargetDependency;
			target = D9EA8C0A187B1954008031B5 /* MCDemo */;
			targetProxy = D9EA8C34187B1955008031B5 /* PBXContainerItemProxy */;
		};
/* End PBXTargetDependency section */

/* Begin PBXVariantGroup section */
		D9EA8C17187B1954008031B5 /* InfoPlist.strings */ = {
			isa = PBXVariantGroup;
			children = (
				D9EA8C18187B1954008031B5 /* en */,
			);
			name = InfoPlist.strings;
			sourceTree = "<group>";
		};
		D9EA8C20187B1954008031B5 /* Main.storyboard */ = {
			isa = PBXVariantGroup;
			children = (
				D9EA8C21187B1954008031B5 /* Base */,
			);
			name = Main.storyboard;
			sourceTree = "<group>";
		};
		D9EA8C39187B1955008031B5 /* InfoPlist.strings */ = {
			isa = PBXVariantGroup;
			children = (
				D9EA8C3A187B1955008031B5 /* en */,
			);
			name = InfoPlist.strings;
			sourceTree = "<group>";
		};
/* End PBXVariantGroup section */

/* Begin XCBuildConfiguration section */
		D9EA8C3E187B1955008031B5 /* Debug */ = {
			isa = XCBuildConfiguration;
			buildSettings = {
				ALWAYS_SEARCH_USER_PATHS = NO;
				CLANG_CXX_LANGUAGE_STANDARD = "gnu++0x";
				CLANG_CXX_LIBRARY = "libc++";
				CLANG_ENABLE_MODULES = YES;
				CLANG_ENABLE_OBJC_ARC = YES;
				CLANG_WARN_BOOL_CONVERSION = YES;
				CLANG_WARN_CONSTANT_CONVERSION = YES;
				CLANG_WARN_DIRECT_OBJC_ISA_USAGE = YES_ERROR;
				CLANG_WARN_EMPTY_BODY = YES;
				CLANG_WARN_ENUM_CONVERSION = YES;
				CLANG_WARN_INT_CONVERSION = YES;
				CLANG_WARN_OBJC_ROOT_CLASS = YES_ERROR;
				CLANG_WARN__DUPLICATE_METHOD_MATCH = YES;
				"CODE_SIGN_IDENTITY[sdk=iphoneos*]" = "iPhone Developer";
				COPY_PHASE_STRIP = NO;
				GCC_C_LANGUAGE_STANDARD = gnu99;
				GCC_DYNAMIC_NO_PIC = NO;
				GCC_OPTIMIZATION_LEVEL = 0;
				GCC_PREPROCESSOR_DEFINITIONS = (
					"DEBUG=1",
					"$(inherited)",
				);
				GCC_SYMBOLS_PRIVATE_EXTERN = NO;
				GCC_WARN_64_TO_32_BIT_CONVERSION = YES;
				GCC_WARN_ABOUT_RETURN_TYPE = YES_ERROR;
				GCC_WARN_UNDECLARED_SELECTOR = YES;
				GCC_WARN_UNINITIALIZED_AUTOS = YES;
				GCC_WARN_UNUSED_FUNCTION = YES;
				GCC_WARN_UNUSED_VARIABLE = YES;
				IPHONEOS_DEPLOYMENT_TARGET = 7.0;
				ONLY_ACTIVE_ARCH = YES;
				SDKROOT = iphoneos;
			};
			name = Debug;
		};
		D9EA8C3F187B1955008031B5 /* Release */ = {
			isa = XCBuildConfiguration;
			buildSettings = {
				ALWAYS_SEARCH_USER_PATHS = NO;
				CLANG_CXX_LANGUAGE_STANDARD = "gnu++0x";
				CLANG_CXX_LIBRARY = "libc++";
				CLANG_ENABLE_MODULES = YES;
				CLANG_ENABLE_OBJC_ARC = YES;
				CLANG_WARN_BOOL_CONVERSION = YES;
				CLANG_WARN_CONSTANT_CONVERSION = YES;
				CLANG_WARN_DIRECT_OBJC_ISA_USAGE = YES_ERROR;
				CLANG_WARN_EMPTY_BODY = YES;
				CLANG_WARN_ENUM_CONVERSION = YES;
				CLANG_WARN_INT_CONVERSION = YES;
				CLANG_WARN_OBJC_ROOT_CLASS = YES_ERROR;
				CLANG_WARN__DUPLICATE_METHOD_MATCH = YES;
				"CODE_SIGN_IDENTITY[sdk=iphoneos*]" = "iPhone Developer";
				COPY_PHASE_STRIP = YES;
				ENABLE_NS_ASSERTIONS = NO;
				GCC_C_LANGUAGE_STANDARD = gnu99;
				GCC_WARN_64_TO_32_BIT_CONVERSION = YES;
				GCC_WARN_ABOUT_RETURN_TYPE = YES_ERROR;
				GCC_WARN_UNDECLARED_SELECTOR = YES;
				GCC_WARN_UNINITIALIZED_AUTOS = YES;
				GCC_WARN_UNUSED_FUNCTION = YES;
				GCC_WARN_UNUSED_VARIABLE = YES;
				IPHONEOS_DEPLOYMENT_TARGET = 7.0;
				SDKROOT = iphoneos;
				VALIDATE_PRODUCT = YES;
			};
			name = Release;
		};
		D9EA8C41187B1955008031B5 /* Debug */ = {
			isa = XCBuildConfiguration;
			buildSettings = {
				ASSETCATALOG_COMPILER_APPICON_NAME = AppIcon;
				ASSETCATALOG_COMPILER_LAUNCHIMAGE_NAME = LaunchImage;
				CODE_SIGN_IDENTITY = "iPhone Developer";
				"CODE_SIGN_IDENTITY[sdk=iphoneos*]" = "iPhone Developer";
				GCC_PRECOMPILE_PREFIX_HEADER = YES;
				GCC_PREFIX_HEADER = "MCDemo/MCDemo-Prefix.pch";
				INFOPLIST_FILE = "MCDemo/MCDemo-Info.plist";
				PRODUCT_NAME = "$(TARGET_NAME)";
				PROVISIONING_PROFILE = "";
				TARGETED_DEVICE_FAMILY = 1;
				WRAPPER_EXTENSION = app;
			};
			name = Debug;
		};
		D9EA8C42187B1955008031B5 /* Release */ = {
			isa = XCBuildConfiguration;
			buildSettings = {
				ASSETCATALOG_COMPILER_APPICON_NAME = AppIcon;
				ASSETCATALOG_COMPILER_LAUNCHIMAGE_NAME = LaunchImage;
				CODE_SIGN_IDENTITY = "iPhone Developer";
				"CODE_SIGN_IDENTITY[sdk=iphoneos*]" = "iPhone Developer";
				GCC_PRECOMPILE_PREFIX_HEADER = YES;
				GCC_PREFIX_HEADER = "MCDemo/MCDemo-Prefix.pch";
				INFOPLIST_FILE = "MCDemo/MCDemo-Info.plist";
				PRODUCT_NAME = "$(TARGET_NAME)";
				PROVISIONING_PROFILE = "";
				TARGETED_DEVICE_FAMILY = 1;
				WRAPPER_EXTENSION = app;
			};
			name = Release;
		};
		D9EA8C44187B1955008031B5 /* Debug */ = {
			isa = XCBuildConfiguration;
			buildSettings = {
				BUNDLE_LOADER = "$(BUILT_PRODUCTS_DIR)/MCDemo.app/MCDemo";
				FRAMEWORK_SEARCH_PATHS = (
					"$(SDKROOT)/Developer/Library/Frameworks",
					"$(inherited)",
					"$(DEVELOPER_FRAMEWORKS_DIR)",
				);
				GCC_PRECOMPILE_PREFIX_HEADER = YES;
				GCC_PREFIX_HEADER = "MCDemo/MCDemo-Prefix.pch";
				GCC_PREPROCESSOR_DEFINITIONS = (
					"DEBUG=1",
					"$(inherited)",
				);
				INFOPLIST_FILE = "MCDemoTests/MCDemoTests-Info.plist";
				PRODUCT_NAME = "$(TARGET_NAME)";
				TEST_HOST = "$(BUNDLE_LOADER)";
				WRAPPER_EXTENSION = xctest;
			};
			name = Debug;
		};
		D9EA8C45187B1955008031B5 /* Release */ = {
			isa = XCBuildConfiguration;
			buildSettings = {
				BUNDLE_LOADER = "$(BUILT_PRODUCTS_DIR)/MCDemo.app/MCDemo";
				FRAMEWORK_SEARCH_PATHS = (
					"$(SDKROOT)/Developer/Library/Frameworks",
					"$(inherited)",
					"$(DEVELOPER_FRAMEWORKS_DIR)",
				);
				GCC_PRECOMPILE_PREFIX_HEADER = YES;
				GCC_PREFIX_HEADER = "MCDemo/MCDemo-Prefix.pch";
				INFOPLIST_FILE = "MCDemoTests/MCDemoTests-Info.plist";
				PRODUCT_NAME = "$(TARGET_NAME)";
				TEST_HOST = "$(BUNDLE_LOADER)";
				WRAPPER_EXTENSION = xctest;
			};
			name = Release;
		};
/* End XCBuildConfiguration section */

/* Begin XCConfigurationList section */
		D9EA8C06187B1954008031B5 /* Build configuration list for PBXProject "MCDemo" */ = {
			isa = XCConfigurationList;
			buildConfigurations = (
				D9EA8C3E187B1955008031B5 /* Debug */,
				D9EA8C3F187B1955008031B5 /* Release */,
			);
			defaultConfigurationIsVisible = 0;
			defaultConfigurationName = Release;
		};
		D9EA8C40187B1955008031B5 /* Build configuration list for PBXNativeTarget "MCDemo" */ = {
			isa = XCConfigurationList;
			buildConfigurations = (
				D9EA8C41187B1955008031B5 /* Debug */,
				D9EA8C42187B1955008031B5 /* Release */,
			);
			defaultConfigurationIsVisible = 0;
			defaultConfigurationName = Release;
		};
		D9EA8C43187B1955008031B5 /* Build configuration list for PBXNativeTarget "MCDemoTests" */ = {
			isa = XCConfigurationList;
			buildConfigurations = (
				D9EA8C44187B1955008031B5 /* Debug */,
				D9EA8C45187B1955008031B5 /* Release */,
			);
			defaultConfigurationIsVisible = 0;
			defaultConfigurationName = Release;
		};
/* End XCConfigurationList section */
	};
	rootObject = D9EA8C03187B1954008031B5 /* Project object */;
}
